<?xml version="1.0" encoding="utf-8"?>
<Project ToolsVersion="4.0" xmlns="http://schemas.microsoft.com/developer/msbuild/2003">
  <ItemGroup>
    <Filter Include="Source Files">
      <UniqueIdentifier>{4FC737F1-C7A5-4376-A066-2A32D752A2FF}</UniqueIdentifier>
      <Extensions>cpp;c;cc;cxx;def;odl;idl;hpj;bat;asm;asmx</Extensions>
    </Filter>
    <Filter Include="Header Files">
      <UniqueIdentifier>{93995380-89BD-4b04-88EB-625FBE52EBFB}</UniqueIdentifier>
      <Extensions>h;hpp;hxx;hm;inl;inc;xsd</Extensions>
    </Filter>
    <Filter Include="Resource Files">
      <UniqueIdentifier>{67DA6AB6-F800-4c08-8B7A-83BB121AAD01}</UniqueIdentifier>
      <Extensions>rc;ico;cur;bmp;dlg;rc2;rct;bin;rgs;gif;jpg;jpeg;jpe;resx;tiff;tif;png;wav;mfcribbon-ms</Extensions>
    </Filter>
    <Filter Include="Header Files\TROLGraphics">
      <UniqueIdentifier>{39c19b68-7208-4222-88c4-95655e2566a1}</UniqueIdentifier>
    </Filter>
    <Filter Include="Header Files\TROLConsole">
      <UniqueIdentifier>{ee26e734-a016-485d-a362-9cd172481958}</UniqueIdentifier>
    </Filter>
    <Filter Include="Header Files\TROLLogic">
      <UniqueIdentifier>{7e86069b-a175-4cf6-9d60-a93d5340d6b9}</UniqueIdentifier>
    </Filter>
    <Filter Include="Header Files\TROLLogic\Data">
      <UniqueIdentifier>{936ff539-7f2b-489a-a026-c074de689d7a}</UniqueIdentifier>
    </Filter>
    <Filter Include="Header Files\TROLGraphics\Voxel">
      <UniqueIdentifier>{05c7a2c1-487d-4d30-bc2f-31b96a01a2de}</UniqueIdentifier>
    </Filter>
    <Filter Include="Header Files\TROLGraphics\Managers">
      <UniqueIdentifier>{5143699e-5f5b-4ed5-a40f-afcb6ec5d547}</UniqueIdentifier>
    </Filter>
    <Filter Include="Header Files\TROLGraphics\Data">
      <UniqueIdentifier>{ddb10f84-0ebc-4746-a1b9-37acf9f8a7cc}</UniqueIdentifier>
    </Filter>
    <Filter Include="Source Files\TROLGraphics">
      <UniqueIdentifier>{9f584ae3-a4cb-4466-9d26-24c6dd5d2463}</UniqueIdentifier>
    </Filter>
    <Filter Include="Source Files\TROLConsole">
      <UniqueIdentifier>{d9155c0c-c3f3-424c-afb7-e75abd2104e7}</UniqueIdentifier>
    </Filter>
    <Filter Include="Source Files\TrolLogic">
      <UniqueIdentifier>{e6932225-99e3-4a53-b218-36146eac230f}</UniqueIdentifier>
    </Filter>
    <Filter Include="Source Files\TROLGraphics\Data">
      <UniqueIdentifier>{0099e541-1450-4bc1-a327-9ecf63f88c93}</UniqueIdentifier>
    </Filter>
    <Filter Include="Source Files\Voxel">
      <UniqueIdentifier>{b833155c-dd5e-40d7-88ef-cbed51d89abe}</UniqueIdentifier>
    </Filter>
    <Filter Include="Source Files\TROLGraphics\Managers">
      <UniqueIdentifier>{9db47af1-1482-4f29-be01-e3294b2d3833}</UniqueIdentifier>
    </Filter>
    <Filter Include="Header Files\TROLUtil">
      <UniqueIdentifier>{8531343c-37c0-428a-b771-a8294abf7f7b}</UniqueIdentifier>
    </Filter>
    <Filter Include="Source Files\TROLUtil">
      <UniqueIdentifier>{f93515d1-1d74-4de1-974a-129e2e083e48}</UniqueIdentifier>
    </Filter>
  </ItemGroup>
  <ItemGroup>
    <None Include="shaders_330\demo.frag">
      <Filter>Resource Files</Filter>
    </None>
    <None Include="shaders_330\disco.frag">
      <Filter>Resource Files</Filter>
    </None>
    <None Include="shaders_330\distanceblur.frag">
      <Filter>Resource Files</Filter>
    </None>
    <None Include="shaders_330\moonriver.frag">
      <Filter>Resource Files</Filter>
    </None>
    <None Include="shaders_330\music.frag">
      <Filter>Resource Files</Filter>
    </None>
    <None Include="shaders_330\plain.frag">
      <Filter>Resource Files</Filter>
    </None>
    <None Include="shaders_330\plain.vert">
      <Filter>Resource Files</Filter>
    </None>
    <None Include="shaders_330\plainMVP.vert">
      <Filter>Resource Files</Filter>
    </None>
    <None Include="shaders_330\pointToSquare.geom">
      <Filter>Resource Files</Filter>
    </None>
    <None Include="shaders_330\post.frag">
      <Filter>Resource Files</Filter>
    </None>
    <None Include="shaders_330\post.vert">
      <Filter>Resource Files</Filter>
    </None>
    <None Include="shaders_330\timemover.vert">
      <Filter>Resource Files</Filter>
    </None>
    <None Include="shaders_330\tunnel.frag">
      <Filter>Resource Files</Filter>
    </None>
    <None Include="shaders_330\colorarg.frag">
      <Filter>Resource Files</Filter>
    </None>
    <None Include="shaders_330\plainTextured.frag">
      <Filter>Resource Files</Filter>
    </None>
    <None Include="shaders_330\text.vert">
      <Filter>Resource Files</Filter>
    </None>
    <None Include="shaders_330\text.frag">
      <Filter>Resource Files</Filter>
    </None>
    <None Include="shaders_330\meshexploder.geom">
      <Filter>Resource Files</Filter>
    </None>
    <None Include="shaders_330\meshexploder.vert">
      <Filter>Resource Files</Filter>
    </None>
    <None Include="TROLUtil\memorypool.inl">
      <Filter>Header Files\TROLUtil</Filter>
    </None>
    <None Include="TROLUtil\sortedarray.inl">
      <Filter>Header Files\TROLUtil</Filter>
    </None>
    <None Include="shaders_330\meshexploder.frag">
      <Filter>Resource Files</Filter>
    </None>
  </ItemGroup>
  <ItemGroup>
    <ClCompile Include="TROLGraphics\glutils.cpp">
      <Filter>Source Files\TROLGraphics</Filter>
    </ClCompile>
    <ClCompile Include="TROLGraphics\Data\model.cpp">
      <Filter>Source Files\TROLGraphics\Data</Filter>
    </ClCompile>
    <ClCompile Include="TROLGraphics\shader.cpp">
      <Filter>Source Files\TROLGraphics</Filter>
    </ClCompile>
    <ClCompile Include="TROLGraphics\Voxel\shapes.cpp">
      <Filter>Source Files\Voxel</Filter>
    </ClCompile>
    <ClCompile Include="TROLGraphics\Managers\texturemanager.cpp">
      <Filter>Source Files\TROLGraphics\Managers</Filter>
    </ClCompile>
    <ClCompile Include="TROLGraphics\textrenderer.cpp">
      <Filter>Source Files\TROLGraphics</Filter>
    </ClCompile>
    <ClCompile Include="ext\gl3w.c">
      <Filter>Header Files\TROLGraphics</Filter>
    </ClCompile>
    <ClCompile Include="TROLGraphics\Managers\modelmanager.cpp">
      <Filter>Source Files\TROLGraphics\Managers</Filter>
    </ClCompile>
    <ClCompile Include="TROLGraphics\Managers\shadermanager.cpp">
      <Filter>Source Files\TROLGraphics\Managers</Filter>
    </ClCompile>
    <ClCompile Include="TROLConsole\console.cpp">
      <Filter>Source Files\TROLConsole</Filter>
    </ClCompile>
    <ClCompile Include="TROLLogic\engine.cpp">
      <Filter>Source Files\TrolLogic</Filter>
    </ClCompile>
    <ClCompile Include="TROLGraphics\camera.cpp">
      <Filter>Source Files\TROLGraphics</Filter>
    </ClCompile>
    <ClCompile Include="TROLLogic\entity.cpp">
      <Filter>Source Files\TrolLogic</Filter>
    </ClCompile>
    <ClCompile Include="root.cpp">
      <Filter>Source Files</Filter>
    </ClCompile>
    <ClCompile Include="TROLLogic\inputhandler.cpp">
      <Filter>Source Files\TrolLogic</Filter>
    </ClCompile>
    <ClCompile Include="TROLGraphics\meshrender.cpp">
      <Filter>Source Files\TROLGraphics</Filter>
    </ClCompile>
    <ClCompile Include="TROLGraphics\meshexplode.cpp">
      <Filter>Source Files\TROLGraphics</Filter>
    </ClCompile>
    <ClCompile Include="TROLGraphics\rendermanager.cpp">
      <Filter>Source Files\TROLGraphics</Filter>
    </ClCompile>
    <ClCompile Include="TROLUtil\error.cpp">
      <Filter>Source Files\TROLUtil</Filter>
    </ClCompile>
    <ClCompile Include="main.cpp">
      <Filter>Source Files</Filter>
    </ClCompile>
    <ClCompile Include="TROLGraphics\skybox.cpp">
      <Filter>Source Files\TROLGraphics</Filter>
    </ClCompile>
    <ClCompile Include="TROLGraphics\rendersystem.cpp">
      <Filter>Source Files\TROLGraphics</Filter>
    </ClCompile>
  </ItemGroup>
  <ItemGroup>
    <ClInclude Include="TROLGraphics\textrenderer.h">
      <Filter>Header Files\TROLGraphics</Filter>
    </ClInclude>
    <ClInclude Include="TROLGraphics\shader.h">
      <Filter>Header Files\TROLGraphics</Filter>
    </ClInclude>
    <ClInclude Include="TROLGraphics\glutils.h">
      <Filter>Header Files\TROLGraphics</Filter>
    </ClInclude>
    <ClInclude Include="TROLConsole\console.h">
      <Filter>Header Files\TROLConsole</Filter>
    </ClInclude>
    <ClInclude Include="TROLLogic\Data\entity.h">
      <Filter>Header Files\TROLLogic\Data</Filter>
    </ClInclude>
    <ClInclude Include="TROLGraphics\Voxel\shapes.h">
      <Filter>Header Files\TROLGraphics\Voxel</Filter>
    </ClInclude>
    <ClInclude Include="TROLGraphics\Managers\modelmanager.h">
      <Filter>Header Files\TROLGraphics\Managers</Filter>
    </ClInclude>
    <ClInclude Include="TROLGraphics\Managers\shadermanager.h">
      <Filter>Header Files\TROLGraphics\Managers</Filter>
    </ClInclude>
    <ClInclude Include="TROLGraphics\Managers\texturemanager.h">
      <Filter>Header Files\TROLGraphics\Managers</Filter>
    </ClInclude>
    <ClInclude Include="TROLGraphics\Data\model.h">
      <Filter>Header Files\TROLGraphics\Data</Filter>
    </ClInclude>
    <ClInclude Include="TROLLogic\engine.h">
      <Filter>Header Files\TROLLogic</Filter>
    </ClInclude>
    <ClInclude Include="TROLGraphics\camera.h">
      <Filter>Header Files\TROLGraphics</Filter>
    </ClInclude>
    <ClInclude Include="root.h">
      <Filter>Header Files</Filter>
    </ClInclude>
    <ClInclude Include="TROLUtil\memorypool.h">
      <Filter>Header Files\TROLUtil</Filter>
    </ClInclude>
    <ClInclude Include="TROLLogic\entitystorage.h">
      <Filter>Header Files\TROLLogic</Filter>
    </ClInclude>
    <ClInclude Include="TROLGraphics\meshrender.h">
      <Filter>Header Files\TROLGraphics</Filter>
    </ClInclude>
    <ClInclude Include="TROLGraphics\meshexplode.h">
      <Filter>Header Files\TROLGraphics</Filter>
    </ClInclude>
    <ClInclude Include="TROLGraphics\skybox.h">
      <Filter>Header Files\TROLGraphics</Filter>
    </ClInclude>
    <ClInclude Include="TROLGraphics\rendermanager.h">
      <Filter>Header Files\TROLGraphics</Filter>
    </ClInclude>
    <ClInclude Include="TROLGraphics\irender.h">
      <Filter>Header Files\TROLGraphics</Filter>
    </ClInclude>
    <ClInclude Include="TROLUtil\error.h">
      <Filter>Header Files\TROLUtil</Filter>
    </ClInclude>
    <ClInclude Include="TROLUtil\sortedarray.h">
      <Filter>Header Files\TROLUtil</Filter>
    </ClInclude>
    <ClInclude Include="TROLLogic\explosioninfo.h">
      <Filter>Source Files\TrolLogic</Filter>
    </ClInclude>
    <ClInclude Include="TROLGraphics\rendersystem.h">
      <Filter>Header Files\TROLGraphics</Filter>
    </ClInclude>
    <ClInclude Include="TROLGraphics\system.h">
      <Filter>Header Files</Filter>
    </ClInclude>
    <ClInclude Include="positionsystem.h">
      <Filter>Header Files</Filter>
    </ClInclude>
  </ItemGroup>
</Project>