Microsoft Visual Studio Solution File, Format Version 11.00
# Visual Studio 2010
Project("{8BC9CEB8-8B4A-11D0-8D11-00A0C91BC942}") = "ALL_BUILD", "ALL_BUILD.vcxproj", "{AC155149-EB42-4061-90FE-CD86AE676600}"
	ProjectSection(ProjectDependencies) = postProject
		{C3A4FD16-6099-4FD8-AEB6-01385F57CA7E} = {C3A4FD16-6099-4FD8-AEB6-01385F57CA7E}
		{979B5FD7-FFEE-4E2A-A43F-82543F91ACF4} = {979B5FD7-FFEE-4E2A-A43F-82543F91ACF4}
		{C05A1617-3597-4112-901C-D5A5F19684D1} = {C05A1617-3597-4112-901C-D5A5F19684D1}
		{E88839B5-9DAD-4085-8CB2-EE0415E02B5A} = {E88839B5-9DAD-4085-8CB2-EE0415E02B5A}
		{88F50759-884A-4F0E-A850-5298F89C9F65} = {88F50759-884A-4F0E-A850-5298F89C9F65}
	EndProjectSection
EndProject
Project("{8BC9CEB8-8B4A-11D0-8D11-00A0C91BC942}") = "INSTALL", "INSTALL.vcxproj", "{6389365C-8A62-43D8-B1A4-76276B666B24}"
	ProjectSection(ProjectDependencies) = postProject
		{AC155149-EB42-4061-90FE-CD86AE676600} = {AC155149-EB42-4061-90FE-CD86AE676600}
	EndProjectSection
EndProject
Project("{8BC9CEB8-8B4A-11D0-8D11-00A0C91BC942}") = "RUN_TESTS", "RUN_TESTS.vcxproj", "{1A729C2D-3E70-4A1D-9194-A5E162BD4A41}"
	ProjectSection(ProjectDependencies) = postProject
	EndProjectSection
EndProject
Project("{8BC9CEB8-8B4A-11D0-8D11-00A0C91BC942}") = "ZERO_CHECK", "ZERO_CHECK.vcxproj", "{C3A4FD16-6099-4FD8-AEB6-01385F57CA7E}"
	ProjectSection(ProjectDependencies) = postProject
	EndProjectSection
EndProject
Project("{8BC9CEB8-8B4A-11D0-8D11-00A0C91BC942}") = "example", "example.vcxproj", "{979B5FD7-FFEE-4E2A-A43F-82543F91ACF4}"
	ProjectSection(ProjectDependencies) = postProject
		{C3A4FD16-6099-4FD8-AEB6-01385F57CA7E} = {C3A4FD16-6099-4FD8-AEB6-01385F57CA7E}
		{E88839B5-9DAD-4085-8CB2-EE0415E02B5A} = {E88839B5-9DAD-4085-8CB2-EE0415E02B5A}
	EndProjectSection
EndProject
Project("{8BC9CEB8-8B4A-11D0-8D11-00A0C91BC942}") = "minigzip", "minigzip.vcxproj", "{C05A1617-3597-4112-901C-D5A5F19684D1}"
	ProjectSection(ProjectDependencies) = postProject
		{C3A4FD16-6099-4FD8-AEB6-01385F57CA7E} = {C3A4FD16-6099-4FD8-AEB6-01385F57CA7E}
		{E88839B5-9DAD-4085-8CB2-EE0415E02B5A} = {E88839B5-9DAD-4085-8CB2-EE0415E02B5A}
	EndProjectSection
EndProject
Project("{8BC9CEB8-8B4A-11D0-8D11-00A0C91BC942}") = "zlib", "zlib.vcxproj", "{E88839B5-9DAD-4085-8CB2-EE0415E02B5A}"
	ProjectSection(ProjectDependencies) = postProject
		{C3A4FD16-6099-4FD8-AEB6-01385F57CA7E} = {C3A4FD16-6099-4FD8-AEB6-01385F57CA7E}
	EndProjectSection
EndProject
Project("{8BC9CEB8-8B4A-11D0-8D11-00A0C91BC942}") = "zlibstatic", "zlibstatic.vcxproj", "{88F50759-884A-4F0E-A850-5298F89C9F65}"
	ProjectSection(ProjectDependencies) = postProject
		{C3A4FD16-6099-4FD8-AEB6-01385F57CA7E} = {C3A4FD16-6099-4FD8-AEB6-01385F57CA7E}
	EndProjectSection
EndProject
Global
	GlobalSection(SolutionConfigurationPlatforms) = preSolution
		Debug|Win32 = Debug|Win32
		Release|Win32 = Release|Win32
		MinSizeRel|Win32 = MinSizeRel|Win32
		RelWithDebInfo|Win32 = RelWithDebInfo|Win32
	EndGlobalSection
	GlobalSection(ProjectConfigurationPlatforms) = postSolution
		{AC155149-EB42-4061-90FE-CD86AE676600}.Debug|Win32.ActiveCfg = Debug|Win32
		{AC155149-EB42-4061-90FE-CD86AE676600}.Debug|Win32.Build.0 = Debug|Win32
		{AC155149-EB42-4061-90FE-CD86AE676600}.Release|Win32.ActiveCfg = Release|Win32
		{AC155149-EB42-4061-90FE-CD86AE676600}.Release|Win32.Build.0 = Release|Win32
		{AC155149-EB42-4061-90FE-CD86AE676600}.MinSizeRel|Win32.ActiveCfg = MinSizeRel|Win32
		{AC155149-EB42-4061-90FE-CD86AE676600}.MinSizeRel|Win32.Build.0 = MinSizeRel|Win32
		{AC155149-EB42-4061-90FE-CD86AE676600}.RelWithDebInfo|Win32.ActiveCfg = RelWithDebInfo|Win32
		{AC155149-EB42-4061-90FE-CD86AE676600}.RelWithDebInfo|Win32.Build.0 = RelWithDebInfo|Win32
		{6389365C-8A62-43D8-B1A4-76276B666B24}.Debug|Win32.ActiveCfg = Debug|Win32
		{6389365C-8A62-43D8-B1A4-76276B666B24}.Release|Win32.ActiveCfg = Release|Win32
		{6389365C-8A62-43D8-B1A4-76276B666B24}.MinSizeRel|Win32.ActiveCfg = MinSizeRel|Win32
		{6389365C-8A62-43D8-B1A4-76276B666B24}.RelWithDebInfo|Win32.ActiveCfg = RelWithDebInfo|Win32
		{1A729C2D-3E70-4A1D-9194-A5E162BD4A41}.Debug|Win32.ActiveCfg = Debug|Win32
		{1A729C2D-3E70-4A1D-9194-A5E162BD4A41}.Release|Win32.ActiveCfg = Release|Win32
		{1A729C2D-3E70-4A1D-9194-A5E162BD4A41}.MinSizeRel|Win32.ActiveCfg = MinSizeRel|Win32
		{1A729C2D-3E70-4A1D-9194-A5E162BD4A41}.RelWithDebInfo|Win32.ActiveCfg = RelWithDebInfo|Win32
		{C3A4FD16-6099-4FD8-AEB6-01385F57CA7E}.Debug|Win32.ActiveCfg = Debug|Win32
		{C3A4FD16-6099-4FD8-AEB6-01385F57CA7E}.Debug|Win32.Build.0 = Debug|Win32
		{C3A4FD16-6099-4FD8-AEB6-01385F57CA7E}.Release|Win32.ActiveCfg = Release|Win32
		{C3A4FD16-6099-4FD8-AEB6-01385F57CA7E}.Release|Win32.Build.0 = Release|Win32
		{C3A4FD16-6099-4FD8-AEB6-01385F57CA7E}.MinSizeRel|Win32.ActiveCfg = MinSizeRel|Win32
		{C3A4FD16-6099-4FD8-AEB6-01385F57CA7E}.MinSizeRel|Win32.Build.0 = MinSizeRel|Win32
		{C3A4FD16-6099-4FD8-AEB6-01385F57CA7E}.RelWithDebInfo|Win32.ActiveCfg = RelWithDebInfo|Win32
		{C3A4FD16-6099-4FD8-AEB6-01385F57CA7E}.RelWithDebInfo|Win32.Build.0 = RelWithDebInfo|Win32
		{979B5FD7-FFEE-4E2A-A43F-82543F91ACF4}.Debug|Win32.ActiveCfg = Debug|Win32
		{979B5FD7-FFEE-4E2A-A43F-82543F91ACF4}.Debug|Win32.Build.0 = Debug|Win32
		{979B5FD7-FFEE-4E2A-A43F-82543F91ACF4}.Release|Win32.ActiveCfg = Release|Win32
		{979B5FD7-FFEE-4E2A-A43F-82543F91ACF4}.Release|Win32.Build.0 = Release|Win32
		{979B5FD7-FFEE-4E2A-A43F-82543F91ACF4}.MinSizeRel|Win32.ActiveCfg = MinSizeRel|Win32
		{979B5FD7-FFEE-4E2A-A43F-82543F91ACF4}.MinSizeRel|Win32.Build.0 = MinSizeRel|Win32
		{979B5FD7-FFEE-4E2A-A43F-82543F91ACF4}.RelWithDebInfo|Win32.ActiveCfg = RelWithDebInfo|Win32
		{979B5FD7-FFEE-4E2A-A43F-82543F91ACF4}.RelWithDebInfo|Win32.Build.0 = RelWithDebInfo|Win32
		{C05A1617-3597-4112-901C-D5A5F19684D1}.Debug|Win32.ActiveCfg = Debug|Win32
		{C05A1617-3597-4112-901C-D5A5F19684D1}.Debug|Win32.Build.0 = Debug|Win32
		{C05A1617-3597-4112-901C-D5A5F19684D1}.Release|Win32.ActiveCfg = Release|Win32
		{C05A1617-3597-4112-901C-D5A5F19684D1}.Release|Win32.Build.0 = Release|Win32
		{C05A1617-3597-4112-901C-D5A5F19684D1}.MinSizeRel|Win32.ActiveCfg = MinSizeRel|Win32
		{C05A1617-3597-4112-901C-D5A5F19684D1}.MinSizeRel|Win32.Build.0 = MinSizeRel|Win32
		{C05A1617-3597-4112-901C-D5A5F19684D1}.RelWithDebInfo|Win32.ActiveCfg = RelWithDebInfo|Win32
		{C05A1617-3597-4112-901C-D5A5F19684D1}.RelWithDebInfo|Win32.Build.0 = RelWithDebInfo|Win32
		{E88839B5-9DAD-4085-8CB2-EE0415E02B5A}.Debug|Win32.ActiveCfg = Debug|Win32
		{E88839B5-9DAD-4085-8CB2-EE0415E02B5A}.Debug|Win32.Build.0 = Debug|Win32
		{E88839B5-9DAD-4085-8CB2-EE0415E02B5A}.Release|Win32.ActiveCfg = Release|Win32
		{E88839B5-9DAD-4085-8CB2-EE0415E02B5A}.Release|Win32.Build.0 = Release|Win32
		{E88839B5-9DAD-4085-8CB2-EE0415E02B5A}.MinSizeRel|Win32.ActiveCfg = MinSizeRel|Win32
		{E88839B5-9DAD-4085-8CB2-EE0415E02B5A}.MinSizeRel|Win32.Build.0 = MinSizeRel|Win32
		{E88839B5-9DAD-4085-8CB2-EE0415E02B5A}.RelWithDebInfo|Win32.ActiveCfg = RelWithDebInfo|Win32
		{E88839B5-9DAD-4085-8CB2-EE0415E02B5A}.RelWithDebInfo|Win32.Build.0 = RelWithDebInfo|Win32
		{88F50759-884A-4F0E-A850-5298F89C9F65}.Debug|Win32.ActiveCfg = Debug|Win32
		{88F50759-884A-4F0E-A850-5298F89C9F65}.Debug|Win32.Build.0 = Debug|Win32
		{88F50759-884A-4F0E-A850-5298F89C9F65}.Release|Win32.ActiveCfg = Release|Win32
		{88F50759-884A-4F0E-A850-5298F89C9F65}.Release|Win32.Build.0 = Release|Win32
		{88F50759-884A-4F0E-A850-5298F89C9F65}.MinSizeRel|Win32.ActiveCfg = MinSizeRel|Win32
		{88F50759-884A-4F0E-A850-5298F89C9F65}.MinSizeRel|Win32.Build.0 = MinSizeRel|Win32
		{88F50759-884A-4F0E-A850-5298F89C9F65}.RelWithDebInfo|Win32.ActiveCfg = RelWithDebInfo|Win32
		{88F50759-884A-4F0E-A850-5298F89C9F65}.RelWithDebInfo|Win32.Build.0 = RelWithDebInfo|Win32
	EndGlobalSection
	GlobalSection(ExtensibilityGlobals) = postSolution
	EndGlobalSection
	GlobalSection(ExtensibilityAddIns) = postSolution
	EndGlobalSection
EndGlobal
