<?xml version="1.0" encoding="utf-8"?>
<Project ToolsVersion="4.0" xmlns="http://schemas.microsoft.com/developer/msbuild/2003">
  <ItemGroup>
    <ClCompile Include="D:\Voltrox\ext\zlib-1.2.7\adler32.c">
      <Filter>Source Files</Filter>
    </ClCompile>
    <ClCompile Include="D:\Voltrox\ext\zlib-1.2.7\compress.c">
      <Filter>Source Files</Filter>
    </ClCompile>
    <ClCompile Include="D:\Voltrox\ext\zlib-1.2.7\crc32.c">
      <Filter>Source Files</Filter>
    </ClCompile>
    <ClCompile Include="D:\Voltrox\ext\zlib-1.2.7\deflate.c">
      <Filter>Source Files</Filter>
    </ClCompile>
    <ClCompile Include="D:\Voltrox\ext\zlib-1.2.7\gzclose.c">
      <Filter>Source Files</Filter>
    </ClCompile>
    <ClCompile Include="D:\Voltrox\ext\zlib-1.2.7\gzlib.c">
      <Filter>Source Files</Filter>
    </ClCompile>
    <ClCompile Include="D:\Voltrox\ext\zlib-1.2.7\gzread.c">
      <Filter>Source Files</Filter>
    </ClCompile>
    <ClCompile Include="D:\Voltrox\ext\zlib-1.2.7\gzwrite.c">
      <Filter>Source Files</Filter>
    </ClCompile>
    <ClCompile Include="D:\Voltrox\ext\zlib-1.2.7\inflate.c">
      <Filter>Source Files</Filter>
    </ClCompile>
    <ClCompile Include="D:\Voltrox\ext\zlib-1.2.7\infback.c">
      <Filter>Source Files</Filter>
    </ClCompile>
    <ClCompile Include="D:\Voltrox\ext\zlib-1.2.7\inftrees.c">
      <Filter>Source Files</Filter>
    </ClCompile>
    <ClCompile Include="D:\Voltrox\ext\zlib-1.2.7\inffast.c">
      <Filter>Source Files</Filter>
    </ClCompile>
    <ClCompile Include="D:\Voltrox\ext\zlib-1.2.7\trees.c">
      <Filter>Source Files</Filter>
    </ClCompile>
    <ClCompile Include="D:\Voltrox\ext\zlib-1.2.7\uncompr.c">
      <Filter>Source Files</Filter>
    </ClCompile>
    <ClCompile Include="D:\Voltrox\ext\zlib-1.2.7\zutil.c">
      <Filter>Source Files</Filter>
    </ClCompile>
  </ItemGroup>
  <ItemGroup>
    <ClInclude Include="D:\Voltrox\ext\zlib-1.2.7\zconf.h">
      <Filter>Header Files</Filter>
    </ClInclude>
    <ClInclude Include="D:\Voltrox\ext\zlib-1.2.7\zlib.h">
      <Filter>Header Files</Filter>
    </ClInclude>
    <ClInclude Include="D:\Voltrox\ext\zlib-1.2.7\crc32.h">
      <Filter>Header Files</Filter>
    </ClInclude>
    <ClInclude Include="D:\Voltrox\ext\zlib-1.2.7\deflate.h">
      <Filter>Header Files</Filter>
    </ClInclude>
    <ClInclude Include="D:\Voltrox\ext\zlib-1.2.7\gzguts.h">
      <Filter>Header Files</Filter>
    </ClInclude>
    <ClInclude Include="D:\Voltrox\ext\zlib-1.2.7\inffast.h">
      <Filter>Header Files</Filter>
    </ClInclude>
    <ClInclude Include="D:\Voltrox\ext\zlib-1.2.7\inffixed.h">
      <Filter>Header Files</Filter>
    </ClInclude>
    <ClInclude Include="D:\Voltrox\ext\zlib-1.2.7\inflate.h">
      <Filter>Header Files</Filter>
    </ClInclude>
    <ClInclude Include="D:\Voltrox\ext\zlib-1.2.7\inftrees.h">
      <Filter>Header Files</Filter>
    </ClInclude>
    <ClInclude Include="D:\Voltrox\ext\zlib-1.2.7\trees.h">
      <Filter>Header Files</Filter>
    </ClInclude>
    <ClInclude Include="D:\Voltrox\ext\zlib-1.2.7\zutil.h">
      <Filter>Header Files</Filter>
    </ClInclude>
  </ItemGroup>
  <ItemGroup>
    <ResourceCompile Include="D:\Voltrox\ext\zlib-1.2.7\win32\zlib1.rc">
      <Filter>Source Files</Filter>
    </ResourceCompile>
  </ItemGroup>
  <ItemGroup>
  </ItemGroup>
  <ItemGroup>
    <CustomBuild Include="CMakeLists.txt" />
  </ItemGroup>
  <ItemGroup>
    <Filter Include="Source Files">
      <UniqueIdentifier>{3A6A6DF8-39D4-4861-B7D9-EA48C5F418AE}</UniqueIdentifier>
    </Filter>
    <Filter Include="Header Files">
      <UniqueIdentifier>{4DC1C864-A61B-4402-BBBC-3294BA5FB8EA}</UniqueIdentifier>
    </Filter>
  </ItemGroup>
  <ItemGroup>
  </ItemGroup>
</Project>
