Microsoft Visual Studio Solution File, Format Version 11.00
# Visual Studio 2010
Project("{8BC9CEB8-8B4A-11D0-8D11-00A0C91BC942}") = "ALL_BUILD", "ALL_BUILD.vcxproj", "{C2B24F82-2592-4977-9C5D-7EE60321BA13}"
	ProjectSection(ProjectDependencies) = postProject
		{079A491B-7D51-4669-A8B8-20CEC22AE763} = {079A491B-7D51-4669-A8B8-20CEC22AE763}
		{79264FEC-3595-480C-9702-434AE3963831} = {79264FEC-3595-480C-9702-434AE3963831}
		{0683EAF8-74F8-42B1-A1A4-8D28D43B724D} = {0683EAF8-74F8-42B1-A1A4-8D28D43B724D}
		{BF42672E-5629-4893-A4D6-6B4906AFF5FA} = {BF42672E-5629-4893-A4D6-6B4906AFF5FA}
		{6FA441FE-943B-41AC-9708-BD8DFC3E6FAE} = {6FA441FE-943B-41AC-9708-BD8DFC3E6FAE}
		{87383333-7089-45F8-A7D7-6E00F0BAC065} = {87383333-7089-45F8-A7D7-6E00F0BAC065}
		{96E45E2C-1D26-4052-9ABA-3CA7043B5AA7} = {96E45E2C-1D26-4052-9ABA-3CA7043B5AA7}
		{E9C46C46-2925-401E-9367-A5D985D6A11A} = {E9C46C46-2925-401E-9367-A5D985D6A11A}
		{7DADB2A4-632B-4128-A54A-0AC58147E92F} = {7DADB2A4-632B-4128-A54A-0AC58147E92F}
		{1F9BD76A-98E8-4FA2-BC27-B08C7F954CBF} = {1F9BD76A-98E8-4FA2-BC27-B08C7F954CBF}
		{D710A6A4-CCB6-4B23-B6AB-EDAE52D3DA57} = {D710A6A4-CCB6-4B23-B6AB-EDAE52D3DA57}
		{241BB7FD-FB36-4F05-AF01-40DDE261F403} = {241BB7FD-FB36-4F05-AF01-40DDE261F403}
		{609EC84C-C822-4A6D-9283-0DB0198AE768} = {609EC84C-C822-4A6D-9283-0DB0198AE768}
		{17881E74-0C01-4F6C-8D85-D0B7CC41B8E8} = {17881E74-0C01-4F6C-8D85-D0B7CC41B8E8}
		{3C5F1574-9E7A-4CC6-B5AA-C90B9EBA0078} = {3C5F1574-9E7A-4CC6-B5AA-C90B9EBA0078}
		{EA25143F-5552-49D7-9801-8BD02A256F98} = {EA25143F-5552-49D7-9801-8BD02A256F98}
		{4E0DB0FC-486C-4BF0-8E30-FA23D9F22159} = {4E0DB0FC-486C-4BF0-8E30-FA23D9F22159}
		{2F98DB75-DDED-4639-B458-AA04FDCAC145} = {2F98DB75-DDED-4639-B458-AA04FDCAC145}
		{B68FCDDB-F0EC-4293-8821-6B90ADA295DF} = {B68FCDDB-F0EC-4293-8821-6B90ADA295DF}
		{409D136D-6370-42A5-989B-5EBE6FE775CF} = {409D136D-6370-42A5-989B-5EBE6FE775CF}
		{AB3599FE-F595-4C9D-81DA-5ED5F28D7D87} = {AB3599FE-F595-4C9D-81DA-5ED5F28D7D87}
		{0BB5B06F-8217-40C4-96C0-EDF60589A566} = {0BB5B06F-8217-40C4-96C0-EDF60589A566}
		{A84594CC-BA51-43A8-81BE-BB176717B500} = {A84594CC-BA51-43A8-81BE-BB176717B500}
		{DE7B123F-9C81-4A2C-9E65-E6D2403C8826} = {DE7B123F-9C81-4A2C-9E65-E6D2403C8826}
		{D29C9908-E8A3-4F80-B1D6-4AB70C2162E5} = {D29C9908-E8A3-4F80-B1D6-4AB70C2162E5}
		{35F347D6-A36D-4E9E-B6B0-70FE79F696B1} = {35F347D6-A36D-4E9E-B6B0-70FE79F696B1}
		{4A09EB3B-B7CD-4BE6-B0F7-2C3073F990F0} = {4A09EB3B-B7CD-4BE6-B0F7-2C3073F990F0}
		{43288731-57BC-4C41-BE97-9E5F478A266A} = {43288731-57BC-4C41-BE97-9E5F478A266A}
		{A439BB5C-555C-451F-A8DF-6A2F7DFFD649} = {A439BB5C-555C-451F-A8DF-6A2F7DFFD649}
		{EED9156F-2F7A-43F4-9E6E-B8666C2FCFA4} = {EED9156F-2F7A-43F4-9E6E-B8666C2FCFA4}
		{F45F563B-F420-436B-84C8-CEB951CC7736} = {F45F563B-F420-436B-84C8-CEB951CC7736}
		{2A5AB3DC-AEC5-42E6-B2AC-120498127EDA} = {2A5AB3DC-AEC5-42E6-B2AC-120498127EDA}
		{7DAEF8AB-5281-4CD1-80F9-C6B648EB0434} = {7DAEF8AB-5281-4CD1-80F9-C6B648EB0434}
		{B1EFE7E2-F228-4AEF-9C09-764998FA053F} = {B1EFE7E2-F228-4AEF-9C09-764998FA053F}
		{E7AD79D8-2F15-48EF-B510-9F00EC69D448} = {E7AD79D8-2F15-48EF-B510-9F00EC69D448}
		{8DE23932-20CE-4A38-9235-B19F712D4F91} = {8DE23932-20CE-4A38-9235-B19F712D4F91}
		{EB287E0C-908D-4387-9E93-C88E0676E5B5} = {EB287E0C-908D-4387-9E93-C88E0676E5B5}
		{6B3965C3-3D09-4CF9-9E3D-1598E5AB9240} = {6B3965C3-3D09-4CF9-9E3D-1598E5AB9240}
		{347CCF0A-1E05-40FF-9ABA-539BF104527C} = {347CCF0A-1E05-40FF-9ABA-539BF104527C}
		{E0C44555-0FB0-4B26-84C8-69DE09B83DDA} = {E0C44555-0FB0-4B26-84C8-69DE09B83DDA}
		{DADEA716-5697-4062-AB89-4D1BFD1CEA38} = {DADEA716-5697-4062-AB89-4D1BFD1CEA38}
		{57EFC6E6-5972-4E3F-B780-DD7E52184C25} = {57EFC6E6-5972-4E3F-B780-DD7E52184C25}
		{948A39E2-B689-491E-B071-82548FC6FDF5} = {948A39E2-B689-491E-B071-82548FC6FDF5}
		{ABD7465F-459B-490B-8590-62E466E71E95} = {ABD7465F-459B-490B-8590-62E466E71E95}
		{3F630CE5-3B5B-4B4C-9AAD-675BC1919A34} = {3F630CE5-3B5B-4B4C-9AAD-675BC1919A34}
		{FB4F93B3-D171-401A-89DD-0BCB21A35975} = {FB4F93B3-D171-401A-89DD-0BCB21A35975}
		{7BFF7261-040F-44A4-A44B-0E4B640EFFF1} = {7BFF7261-040F-44A4-A44B-0E4B640EFFF1}
		{2E7C7FBF-181A-4E57-A2C2-C56FC9B05C9A} = {2E7C7FBF-181A-4E57-A2C2-C56FC9B05C9A}
		{E5DA6BD3-6A92-47EC-866A-9A5CCC7BC580} = {E5DA6BD3-6A92-47EC-866A-9A5CCC7BC580}
		{C2428790-F613-4AC8-802A-C76FF15DCE8C} = {C2428790-F613-4AC8-802A-C76FF15DCE8C}
		{39394163-CBBE-439A-A0EB-C5C00C57B703} = {39394163-CBBE-439A-A0EB-C5C00C57B703}
		{E1DAD63A-FB29-480B-ABA4-92C063DBE804} = {E1DAD63A-FB29-480B-ABA4-92C063DBE804}
		{BC8782F4-05A2-4F35-AFFD-395AD51EB820} = {BC8782F4-05A2-4F35-AFFD-395AD51EB820}
		{0FF4A41A-C915-40AC-9E5A-1F7722F89C8E} = {0FF4A41A-C915-40AC-9E5A-1F7722F89C8E}
		{4A3615EC-DBC6-465C-A69B-B5DEB22574A3} = {4A3615EC-DBC6-465C-A69B-B5DEB22574A3}
		{E2E4B2C1-5F72-4250-B7D0-D45434AD3A3A} = {E2E4B2C1-5F72-4250-B7D0-D45434AD3A3A}
	EndProjectSection
EndProject
Project("{8BC9CEB8-8B4A-11D0-8D11-00A0C91BC942}") = "AppAllBulletDemos", "Demos\AllBulletDemos\AppAllBulletDemos.vcxproj", "{079A491B-7D51-4669-A8B8-20CEC22AE763}"
	ProjectSection(ProjectDependencies) = postProject
		{57EFC6E6-5972-4E3F-B780-DD7E52184C25} = {57EFC6E6-5972-4E3F-B780-DD7E52184C25}
		{948A39E2-B689-491E-B071-82548FC6FDF5} = {948A39E2-B689-491E-B071-82548FC6FDF5}
		{ABD7465F-459B-490B-8590-62E466E71E95} = {ABD7465F-459B-490B-8590-62E466E71E95}
		{3F630CE5-3B5B-4B4C-9AAD-675BC1919A34} = {3F630CE5-3B5B-4B4C-9AAD-675BC1919A34}
		{FB4F93B3-D171-401A-89DD-0BCB21A35975} = {FB4F93B3-D171-401A-89DD-0BCB21A35975}
		{2E7C7FBF-181A-4E57-A2C2-C56FC9B05C9A} = {2E7C7FBF-181A-4E57-A2C2-C56FC9B05C9A}
		{E5DA6BD3-6A92-47EC-866A-9A5CCC7BC580} = {E5DA6BD3-6A92-47EC-866A-9A5CCC7BC580}
		{C2428790-F613-4AC8-802A-C76FF15DCE8C} = {C2428790-F613-4AC8-802A-C76FF15DCE8C}
		{39394163-CBBE-439A-A0EB-C5C00C57B703} = {39394163-CBBE-439A-A0EB-C5C00C57B703}
		{E1DAD63A-FB29-480B-ABA4-92C063DBE804} = {E1DAD63A-FB29-480B-ABA4-92C063DBE804}
		{BC8782F4-05A2-4F35-AFFD-395AD51EB820} = {BC8782F4-05A2-4F35-AFFD-395AD51EB820}
		{4A3615EC-DBC6-465C-A69B-B5DEB22574A3} = {4A3615EC-DBC6-465C-A69B-B5DEB22574A3}
		{E2E4B2C1-5F72-4250-B7D0-D45434AD3A3A} = {E2E4B2C1-5F72-4250-B7D0-D45434AD3A3A}
	EndProjectSection
EndProject
Project("{8BC9CEB8-8B4A-11D0-8D11-00A0C91BC942}") = "AppBasicDemo", "Demos\BasicDemo\AppBasicDemo.vcxproj", "{79264FEC-3595-480C-9702-434AE3963831}"
	ProjectSection(ProjectDependencies) = postProject
		{57EFC6E6-5972-4E3F-B780-DD7E52184C25} = {57EFC6E6-5972-4E3F-B780-DD7E52184C25}
		{948A39E2-B689-491E-B071-82548FC6FDF5} = {948A39E2-B689-491E-B071-82548FC6FDF5}
		{BC8782F4-05A2-4F35-AFFD-395AD51EB820} = {BC8782F4-05A2-4F35-AFFD-395AD51EB820}
		{4A3615EC-DBC6-465C-A69B-B5DEB22574A3} = {4A3615EC-DBC6-465C-A69B-B5DEB22574A3}
		{E2E4B2C1-5F72-4250-B7D0-D45434AD3A3A} = {E2E4B2C1-5F72-4250-B7D0-D45434AD3A3A}
	EndProjectSection
EndProject
Project("{8BC9CEB8-8B4A-11D0-8D11-00A0C91BC942}") = "AppBenchmarks", "Demos\Benchmarks\AppBenchmarks.vcxproj", "{0683EAF8-74F8-42B1-A1A4-8D28D43B724D}"
	ProjectSection(ProjectDependencies) = postProject
		{57EFC6E6-5972-4E3F-B780-DD7E52184C25} = {57EFC6E6-5972-4E3F-B780-DD7E52184C25}
		{948A39E2-B689-491E-B071-82548FC6FDF5} = {948A39E2-B689-491E-B071-82548FC6FDF5}
		{BC8782F4-05A2-4F35-AFFD-395AD51EB820} = {BC8782F4-05A2-4F35-AFFD-395AD51EB820}
		{4A3615EC-DBC6-465C-A69B-B5DEB22574A3} = {4A3615EC-DBC6-465C-A69B-B5DEB22574A3}
		{E2E4B2C1-5F72-4250-B7D0-D45434AD3A3A} = {E2E4B2C1-5F72-4250-B7D0-D45434AD3A3A}
	EndProjectSection
EndProject
Project("{8BC9CEB8-8B4A-11D0-8D11-00A0C91BC942}") = "AppBox2dDemo", "Demos\Box2dDemo\AppBox2dDemo.vcxproj", "{BF42672E-5629-4893-A4D6-6B4906AFF5FA}"
	ProjectSection(ProjectDependencies) = postProject
		{57EFC6E6-5972-4E3F-B780-DD7E52184C25} = {57EFC6E6-5972-4E3F-B780-DD7E52184C25}
		{948A39E2-B689-491E-B071-82548FC6FDF5} = {948A39E2-B689-491E-B071-82548FC6FDF5}
		{BC8782F4-05A2-4F35-AFFD-395AD51EB820} = {BC8782F4-05A2-4F35-AFFD-395AD51EB820}
		{4A3615EC-DBC6-465C-A69B-B5DEB22574A3} = {4A3615EC-DBC6-465C-A69B-B5DEB22574A3}
		{E2E4B2C1-5F72-4250-B7D0-D45434AD3A3A} = {E2E4B2C1-5F72-4250-B7D0-D45434AD3A3A}
	EndProjectSection
EndProject
Project("{8BC9CEB8-8B4A-11D0-8D11-00A0C91BC942}") = "AppBspPhysicsDemo", "Demos\BspDemo\AppBspPhysicsDemo.vcxproj", "{6FA441FE-943B-41AC-9708-BD8DFC3E6FAE}"
	ProjectSection(ProjectDependencies) = postProject
		{57EFC6E6-5972-4E3F-B780-DD7E52184C25} = {57EFC6E6-5972-4E3F-B780-DD7E52184C25}
		{948A39E2-B689-491E-B071-82548FC6FDF5} = {948A39E2-B689-491E-B071-82548FC6FDF5}
		{BC8782F4-05A2-4F35-AFFD-395AD51EB820} = {BC8782F4-05A2-4F35-AFFD-395AD51EB820}
		{4A3615EC-DBC6-465C-A69B-B5DEB22574A3} = {4A3615EC-DBC6-465C-A69B-B5DEB22574A3}
		{E2E4B2C1-5F72-4250-B7D0-D45434AD3A3A} = {E2E4B2C1-5F72-4250-B7D0-D45434AD3A3A}
	EndProjectSection
EndProject
Project("{8BC9CEB8-8B4A-11D0-8D11-00A0C91BC942}") = "AppCcdPhysicsDemo", "Demos\CcdPhysicsDemo\AppCcdPhysicsDemo.vcxproj", "{87383333-7089-45F8-A7D7-6E00F0BAC065}"
	ProjectSection(ProjectDependencies) = postProject
		{57EFC6E6-5972-4E3F-B780-DD7E52184C25} = {57EFC6E6-5972-4E3F-B780-DD7E52184C25}
		{948A39E2-B689-491E-B071-82548FC6FDF5} = {948A39E2-B689-491E-B071-82548FC6FDF5}
		{BC8782F4-05A2-4F35-AFFD-395AD51EB820} = {BC8782F4-05A2-4F35-AFFD-395AD51EB820}
		{4A3615EC-DBC6-465C-A69B-B5DEB22574A3} = {4A3615EC-DBC6-465C-A69B-B5DEB22574A3}
		{E2E4B2C1-5F72-4250-B7D0-D45434AD3A3A} = {E2E4B2C1-5F72-4250-B7D0-D45434AD3A3A}
	EndProjectSection
EndProject
Project("{8BC9CEB8-8B4A-11D0-8D11-00A0C91BC942}") = "AppCharacterDemo", "Demos\CharacterDemo\AppCharacterDemo.vcxproj", "{96E45E2C-1D26-4052-9ABA-3CA7043B5AA7}"
	ProjectSection(ProjectDependencies) = postProject
		{57EFC6E6-5972-4E3F-B780-DD7E52184C25} = {57EFC6E6-5972-4E3F-B780-DD7E52184C25}
		{948A39E2-B689-491E-B071-82548FC6FDF5} = {948A39E2-B689-491E-B071-82548FC6FDF5}
		{BC8782F4-05A2-4F35-AFFD-395AD51EB820} = {BC8782F4-05A2-4F35-AFFD-395AD51EB820}
		{4A3615EC-DBC6-465C-A69B-B5DEB22574A3} = {4A3615EC-DBC6-465C-A69B-B5DEB22574A3}
		{E2E4B2C1-5F72-4250-B7D0-D45434AD3A3A} = {E2E4B2C1-5F72-4250-B7D0-D45434AD3A3A}
	EndProjectSection
EndProject
Project("{8BC9CEB8-8B4A-11D0-8D11-00A0C91BC942}") = "AppCollisionDemo", "Demos\CollisionDemo\AppCollisionDemo.vcxproj", "{E9C46C46-2925-401E-9367-A5D985D6A11A}"
	ProjectSection(ProjectDependencies) = postProject
		{57EFC6E6-5972-4E3F-B780-DD7E52184C25} = {57EFC6E6-5972-4E3F-B780-DD7E52184C25}
		{948A39E2-B689-491E-B071-82548FC6FDF5} = {948A39E2-B689-491E-B071-82548FC6FDF5}
		{BC8782F4-05A2-4F35-AFFD-395AD51EB820} = {BC8782F4-05A2-4F35-AFFD-395AD51EB820}
		{4A3615EC-DBC6-465C-A69B-B5DEB22574A3} = {4A3615EC-DBC6-465C-A69B-B5DEB22574A3}
		{E2E4B2C1-5F72-4250-B7D0-D45434AD3A3A} = {E2E4B2C1-5F72-4250-B7D0-D45434AD3A3A}
	EndProjectSection
EndProject
Project("{8BC9CEB8-8B4A-11D0-8D11-00A0C91BC942}") = "AppCollisionInterfaceDemo", "Demos\CollisionInterfaceDemo\AppCollisionInterfaceDemo.vcxproj", "{7DADB2A4-632B-4128-A54A-0AC58147E92F}"
	ProjectSection(ProjectDependencies) = postProject
		{57EFC6E6-5972-4E3F-B780-DD7E52184C25} = {57EFC6E6-5972-4E3F-B780-DD7E52184C25}
		{948A39E2-B689-491E-B071-82548FC6FDF5} = {948A39E2-B689-491E-B071-82548FC6FDF5}
		{BC8782F4-05A2-4F35-AFFD-395AD51EB820} = {BC8782F4-05A2-4F35-AFFD-395AD51EB820}
		{4A3615EC-DBC6-465C-A69B-B5DEB22574A3} = {4A3615EC-DBC6-465C-A69B-B5DEB22574A3}
		{E2E4B2C1-5F72-4250-B7D0-D45434AD3A3A} = {E2E4B2C1-5F72-4250-B7D0-D45434AD3A3A}
	EndProjectSection
EndProject
Project("{8BC9CEB8-8B4A-11D0-8D11-00A0C91BC942}") = "AppConcaveConvexCastDemo", "Demos\ConcaveConvexcastDemo\AppConcaveConvexCastDemo.vcxproj", "{1F9BD76A-98E8-4FA2-BC27-B08C7F954CBF}"
	ProjectSection(ProjectDependencies) = postProject
		{57EFC6E6-5972-4E3F-B780-DD7E52184C25} = {57EFC6E6-5972-4E3F-B780-DD7E52184C25}
		{948A39E2-B689-491E-B071-82548FC6FDF5} = {948A39E2-B689-491E-B071-82548FC6FDF5}
		{BC8782F4-05A2-4F35-AFFD-395AD51EB820} = {BC8782F4-05A2-4F35-AFFD-395AD51EB820}
		{4A3615EC-DBC6-465C-A69B-B5DEB22574A3} = {4A3615EC-DBC6-465C-A69B-B5DEB22574A3}
		{E2E4B2C1-5F72-4250-B7D0-D45434AD3A3A} = {E2E4B2C1-5F72-4250-B7D0-D45434AD3A3A}
	EndProjectSection
EndProject
Project("{8BC9CEB8-8B4A-11D0-8D11-00A0C91BC942}") = "AppConcaveDemo", "Demos\ConcaveDemo\AppConcaveDemo.vcxproj", "{D710A6A4-CCB6-4B23-B6AB-EDAE52D3DA57}"
	ProjectSection(ProjectDependencies) = postProject
		{57EFC6E6-5972-4E3F-B780-DD7E52184C25} = {57EFC6E6-5972-4E3F-B780-DD7E52184C25}
		{948A39E2-B689-491E-B071-82548FC6FDF5} = {948A39E2-B689-491E-B071-82548FC6FDF5}
		{ABD7465F-459B-490B-8590-62E466E71E95} = {ABD7465F-459B-490B-8590-62E466E71E95}
		{2E7C7FBF-181A-4E57-A2C2-C56FC9B05C9A} = {2E7C7FBF-181A-4E57-A2C2-C56FC9B05C9A}
		{BC8782F4-05A2-4F35-AFFD-395AD51EB820} = {BC8782F4-05A2-4F35-AFFD-395AD51EB820}
		{4A3615EC-DBC6-465C-A69B-B5DEB22574A3} = {4A3615EC-DBC6-465C-A69B-B5DEB22574A3}
		{E2E4B2C1-5F72-4250-B7D0-D45434AD3A3A} = {E2E4B2C1-5F72-4250-B7D0-D45434AD3A3A}
	EndProjectSection
EndProject
Project("{8BC9CEB8-8B4A-11D0-8D11-00A0C91BC942}") = "AppConcaveRayCastDemo", "Demos\ConcaveRaycastDemo\AppConcaveRayCastDemo.vcxproj", "{241BB7FD-FB36-4F05-AF01-40DDE261F403}"
	ProjectSection(ProjectDependencies) = postProject
		{57EFC6E6-5972-4E3F-B780-DD7E52184C25} = {57EFC6E6-5972-4E3F-B780-DD7E52184C25}
		{948A39E2-B689-491E-B071-82548FC6FDF5} = {948A39E2-B689-491E-B071-82548FC6FDF5}
		{BC8782F4-05A2-4F35-AFFD-395AD51EB820} = {BC8782F4-05A2-4F35-AFFD-395AD51EB820}
		{4A3615EC-DBC6-465C-A69B-B5DEB22574A3} = {4A3615EC-DBC6-465C-A69B-B5DEB22574A3}
		{E2E4B2C1-5F72-4250-B7D0-D45434AD3A3A} = {E2E4B2C1-5F72-4250-B7D0-D45434AD3A3A}
	EndProjectSection
EndProject
Project("{8BC9CEB8-8B4A-11D0-8D11-00A0C91BC942}") = "AppConstraintDemo", "Demos\ConstraintDemo\AppConstraintDemo.vcxproj", "{609EC84C-C822-4A6D-9283-0DB0198AE768}"
	ProjectSection(ProjectDependencies) = postProject
		{57EFC6E6-5972-4E3F-B780-DD7E52184C25} = {57EFC6E6-5972-4E3F-B780-DD7E52184C25}
		{948A39E2-B689-491E-B071-82548FC6FDF5} = {948A39E2-B689-491E-B071-82548FC6FDF5}
		{ABD7465F-459B-490B-8590-62E466E71E95} = {ABD7465F-459B-490B-8590-62E466E71E95}
		{2E7C7FBF-181A-4E57-A2C2-C56FC9B05C9A} = {2E7C7FBF-181A-4E57-A2C2-C56FC9B05C9A}
		{BC8782F4-05A2-4F35-AFFD-395AD51EB820} = {BC8782F4-05A2-4F35-AFFD-395AD51EB820}
		{4A3615EC-DBC6-465C-A69B-B5DEB22574A3} = {4A3615EC-DBC6-465C-A69B-B5DEB22574A3}
		{E2E4B2C1-5F72-4250-B7D0-D45434AD3A3A} = {E2E4B2C1-5F72-4250-B7D0-D45434AD3A3A}
	EndProjectSection
EndProject
Project("{8BC9CEB8-8B4A-11D0-8D11-00A0C91BC942}") = "AppContinuousConvexCollisionDemo", "Demos\ContinuousConvexCollision\AppContinuousConvexCollisionDemo.vcxproj", "{17881E74-0C01-4F6C-8D85-D0B7CC41B8E8}"
	ProjectSection(ProjectDependencies) = postProject
		{57EFC6E6-5972-4E3F-B780-DD7E52184C25} = {57EFC6E6-5972-4E3F-B780-DD7E52184C25}
		{948A39E2-B689-491E-B071-82548FC6FDF5} = {948A39E2-B689-491E-B071-82548FC6FDF5}
		{BC8782F4-05A2-4F35-AFFD-395AD51EB820} = {BC8782F4-05A2-4F35-AFFD-395AD51EB820}
		{4A3615EC-DBC6-465C-A69B-B5DEB22574A3} = {4A3615EC-DBC6-465C-A69B-B5DEB22574A3}
		{E2E4B2C1-5F72-4250-B7D0-D45434AD3A3A} = {E2E4B2C1-5F72-4250-B7D0-D45434AD3A3A}
	EndProjectSection
EndProject
Project("{8BC9CEB8-8B4A-11D0-8D11-00A0C91BC942}") = "AppConvexDecompositionDemo", "Demos\ConvexDecompositionDemo\AppConvexDecompositionDemo.vcxproj", "{3C5F1574-9E7A-4CC6-B5AA-C90B9EBA0078}"
	ProjectSection(ProjectDependencies) = postProject
		{57EFC6E6-5972-4E3F-B780-DD7E52184C25} = {57EFC6E6-5972-4E3F-B780-DD7E52184C25}
		{948A39E2-B689-491E-B071-82548FC6FDF5} = {948A39E2-B689-491E-B071-82548FC6FDF5}
		{ABD7465F-459B-490B-8590-62E466E71E95} = {ABD7465F-459B-490B-8590-62E466E71E95}
		{2E7C7FBF-181A-4E57-A2C2-C56FC9B05C9A} = {2E7C7FBF-181A-4E57-A2C2-C56FC9B05C9A}
		{E5DA6BD3-6A92-47EC-866A-9A5CCC7BC580} = {E5DA6BD3-6A92-47EC-866A-9A5CCC7BC580}
		{E1DAD63A-FB29-480B-ABA4-92C063DBE804} = {E1DAD63A-FB29-480B-ABA4-92C063DBE804}
		{BC8782F4-05A2-4F35-AFFD-395AD51EB820} = {BC8782F4-05A2-4F35-AFFD-395AD51EB820}
		{4A3615EC-DBC6-465C-A69B-B5DEB22574A3} = {4A3615EC-DBC6-465C-A69B-B5DEB22574A3}
		{E2E4B2C1-5F72-4250-B7D0-D45434AD3A3A} = {E2E4B2C1-5F72-4250-B7D0-D45434AD3A3A}
	EndProjectSection
EndProject
Project("{8BC9CEB8-8B4A-11D0-8D11-00A0C91BC942}") = "AppConvexHullDistanceDemo", "Demos\ConvexHullDistance\AppConvexHullDistanceDemo.vcxproj", "{EA25143F-5552-49D7-9801-8BD02A256F98}"
	ProjectSection(ProjectDependencies) = postProject
		{57EFC6E6-5972-4E3F-B780-DD7E52184C25} = {57EFC6E6-5972-4E3F-B780-DD7E52184C25}
		{948A39E2-B689-491E-B071-82548FC6FDF5} = {948A39E2-B689-491E-B071-82548FC6FDF5}
		{BC8782F4-05A2-4F35-AFFD-395AD51EB820} = {BC8782F4-05A2-4F35-AFFD-395AD51EB820}
		{4A3615EC-DBC6-465C-A69B-B5DEB22574A3} = {4A3615EC-DBC6-465C-A69B-B5DEB22574A3}
		{E2E4B2C1-5F72-4250-B7D0-D45434AD3A3A} = {E2E4B2C1-5F72-4250-B7D0-D45434AD3A3A}
	EndProjectSection
EndProject
Project("{8BC9CEB8-8B4A-11D0-8D11-00A0C91BC942}") = "AppDoublePrecisionDemo", "Demos\DoublePrecisionDemo\AppDoublePrecisionDemo.vcxproj", "{4E0DB0FC-486C-4BF0-8E30-FA23D9F22159}"
	ProjectSection(ProjectDependencies) = postProject
		{57EFC6E6-5972-4E3F-B780-DD7E52184C25} = {57EFC6E6-5972-4E3F-B780-DD7E52184C25}
		{948A39E2-B689-491E-B071-82548FC6FDF5} = {948A39E2-B689-491E-B071-82548FC6FDF5}
		{BC8782F4-05A2-4F35-AFFD-395AD51EB820} = {BC8782F4-05A2-4F35-AFFD-395AD51EB820}
		{4A3615EC-DBC6-465C-A69B-B5DEB22574A3} = {4A3615EC-DBC6-465C-A69B-B5DEB22574A3}
		{E2E4B2C1-5F72-4250-B7D0-D45434AD3A3A} = {E2E4B2C1-5F72-4250-B7D0-D45434AD3A3A}
	EndProjectSection
EndProject
Project("{8BC9CEB8-8B4A-11D0-8D11-00A0C91BC942}") = "AppForkLiftDemo", "Demos\ForkLiftDemo\AppForkLiftDemo.vcxproj", "{2F98DB75-DDED-4639-B458-AA04FDCAC145}"
	ProjectSection(ProjectDependencies) = postProject
		{57EFC6E6-5972-4E3F-B780-DD7E52184C25} = {57EFC6E6-5972-4E3F-B780-DD7E52184C25}
		{948A39E2-B689-491E-B071-82548FC6FDF5} = {948A39E2-B689-491E-B071-82548FC6FDF5}
		{BC8782F4-05A2-4F35-AFFD-395AD51EB820} = {BC8782F4-05A2-4F35-AFFD-395AD51EB820}
		{4A3615EC-DBC6-465C-A69B-B5DEB22574A3} = {4A3615EC-DBC6-465C-A69B-B5DEB22574A3}
		{E2E4B2C1-5F72-4250-B7D0-D45434AD3A3A} = {E2E4B2C1-5F72-4250-B7D0-D45434AD3A3A}
	EndProjectSection
EndProject
Project("{8BC9CEB8-8B4A-11D0-8D11-00A0C91BC942}") = "AppFractureDemo", "Demos\FractureDemo\AppFractureDemo.vcxproj", "{B68FCDDB-F0EC-4293-8821-6B90ADA295DF}"
	ProjectSection(ProjectDependencies) = postProject
		{57EFC6E6-5972-4E3F-B780-DD7E52184C25} = {57EFC6E6-5972-4E3F-B780-DD7E52184C25}
		{948A39E2-B689-491E-B071-82548FC6FDF5} = {948A39E2-B689-491E-B071-82548FC6FDF5}
		{BC8782F4-05A2-4F35-AFFD-395AD51EB820} = {BC8782F4-05A2-4F35-AFFD-395AD51EB820}
		{4A3615EC-DBC6-465C-A69B-B5DEB22574A3} = {4A3615EC-DBC6-465C-A69B-B5DEB22574A3}
		{E2E4B2C1-5F72-4250-B7D0-D45434AD3A3A} = {E2E4B2C1-5F72-4250-B7D0-D45434AD3A3A}
	EndProjectSection
EndProject
Project("{8BC9CEB8-8B4A-11D0-8D11-00A0C91BC942}") = "AppGenericJointDemo", "Demos\GenericJointDemo\AppGenericJointDemo.vcxproj", "{409D136D-6370-42A5-989B-5EBE6FE775CF}"
	ProjectSection(ProjectDependencies) = postProject
		{57EFC6E6-5972-4E3F-B780-DD7E52184C25} = {57EFC6E6-5972-4E3F-B780-DD7E52184C25}
		{948A39E2-B689-491E-B071-82548FC6FDF5} = {948A39E2-B689-491E-B071-82548FC6FDF5}
		{BC8782F4-05A2-4F35-AFFD-395AD51EB820} = {BC8782F4-05A2-4F35-AFFD-395AD51EB820}
		{4A3615EC-DBC6-465C-A69B-B5DEB22574A3} = {4A3615EC-DBC6-465C-A69B-B5DEB22574A3}
		{E2E4B2C1-5F72-4250-B7D0-D45434AD3A3A} = {E2E4B2C1-5F72-4250-B7D0-D45434AD3A3A}
	EndProjectSection
EndProject
Project("{8BC9CEB8-8B4A-11D0-8D11-00A0C91BC942}") = "AppHelloWorld", "Demos\HelloWorld\AppHelloWorld.vcxproj", "{AB3599FE-F595-4C9D-81DA-5ED5F28D7D87}"
	ProjectSection(ProjectDependencies) = postProject
		{57EFC6E6-5972-4E3F-B780-DD7E52184C25} = {57EFC6E6-5972-4E3F-B780-DD7E52184C25}
		{948A39E2-B689-491E-B071-82548FC6FDF5} = {948A39E2-B689-491E-B071-82548FC6FDF5}
		{BC8782F4-05A2-4F35-AFFD-395AD51EB820} = {BC8782F4-05A2-4F35-AFFD-395AD51EB820}
		{E2E4B2C1-5F72-4250-B7D0-D45434AD3A3A} = {E2E4B2C1-5F72-4250-B7D0-D45434AD3A3A}
	EndProjectSection
EndProject
Project("{8BC9CEB8-8B4A-11D0-8D11-00A0C91BC942}") = "AppHfFluidDemo", "Demos\HeightFieldFluidDemo\AppHfFluidDemo.vcxproj", "{0BB5B06F-8217-40C4-96C0-EDF60589A566}"
	ProjectSection(ProjectDependencies) = postProject
		{57EFC6E6-5972-4E3F-B780-DD7E52184C25} = {57EFC6E6-5972-4E3F-B780-DD7E52184C25}
		{948A39E2-B689-491E-B071-82548FC6FDF5} = {948A39E2-B689-491E-B071-82548FC6FDF5}
		{BC8782F4-05A2-4F35-AFFD-395AD51EB820} = {BC8782F4-05A2-4F35-AFFD-395AD51EB820}
		{4A3615EC-DBC6-465C-A69B-B5DEB22574A3} = {4A3615EC-DBC6-465C-A69B-B5DEB22574A3}
		{E2E4B2C1-5F72-4250-B7D0-D45434AD3A3A} = {E2E4B2C1-5F72-4250-B7D0-D45434AD3A3A}
	EndProjectSection
EndProject
Project("{8BC9CEB8-8B4A-11D0-8D11-00A0C91BC942}") = "AppInternalEdgeDemo", "Demos\InternalEdgeDemo\AppInternalEdgeDemo.vcxproj", "{A84594CC-BA51-43A8-81BE-BB176717B500}"
	ProjectSection(ProjectDependencies) = postProject
		{57EFC6E6-5972-4E3F-B780-DD7E52184C25} = {57EFC6E6-5972-4E3F-B780-DD7E52184C25}
		{948A39E2-B689-491E-B071-82548FC6FDF5} = {948A39E2-B689-491E-B071-82548FC6FDF5}
		{BC8782F4-05A2-4F35-AFFD-395AD51EB820} = {BC8782F4-05A2-4F35-AFFD-395AD51EB820}
		{4A3615EC-DBC6-465C-A69B-B5DEB22574A3} = {4A3615EC-DBC6-465C-A69B-B5DEB22574A3}
		{E2E4B2C1-5F72-4250-B7D0-D45434AD3A3A} = {E2E4B2C1-5F72-4250-B7D0-D45434AD3A3A}
	EndProjectSection
EndProject
Project("{8BC9CEB8-8B4A-11D0-8D11-00A0C91BC942}") = "AppLinearConvexCastDemo", "Demos\GjkConvexCastDemo\AppLinearConvexCastDemo.vcxproj", "{DE7B123F-9C81-4A2C-9E65-E6D2403C8826}"
	ProjectSection(ProjectDependencies) = postProject
		{57EFC6E6-5972-4E3F-B780-DD7E52184C25} = {57EFC6E6-5972-4E3F-B780-DD7E52184C25}
		{948A39E2-B689-491E-B071-82548FC6FDF5} = {948A39E2-B689-491E-B071-82548FC6FDF5}
		{BC8782F4-05A2-4F35-AFFD-395AD51EB820} = {BC8782F4-05A2-4F35-AFFD-395AD51EB820}
		{4A3615EC-DBC6-465C-A69B-B5DEB22574A3} = {4A3615EC-DBC6-465C-A69B-B5DEB22574A3}
		{E2E4B2C1-5F72-4250-B7D0-D45434AD3A3A} = {E2E4B2C1-5F72-4250-B7D0-D45434AD3A3A}
	EndProjectSection
EndProject
Project("{8BC9CEB8-8B4A-11D0-8D11-00A0C91BC942}") = "AppMotorDemo", "Demos\DynamicControlDemo\AppMotorDemo.vcxproj", "{D29C9908-E8A3-4F80-B1D6-4AB70C2162E5}"
	ProjectSection(ProjectDependencies) = postProject
		{57EFC6E6-5972-4E3F-B780-DD7E52184C25} = {57EFC6E6-5972-4E3F-B780-DD7E52184C25}
		{948A39E2-B689-491E-B071-82548FC6FDF5} = {948A39E2-B689-491E-B071-82548FC6FDF5}
		{BC8782F4-05A2-4F35-AFFD-395AD51EB820} = {BC8782F4-05A2-4F35-AFFD-395AD51EB820}
		{4A3615EC-DBC6-465C-A69B-B5DEB22574A3} = {4A3615EC-DBC6-465C-A69B-B5DEB22574A3}
		{E2E4B2C1-5F72-4250-B7D0-D45434AD3A3A} = {E2E4B2C1-5F72-4250-B7D0-D45434AD3A3A}
	EndProjectSection
EndProject
Project("{8BC9CEB8-8B4A-11D0-8D11-00A0C91BC942}") = "AppMovingConcaveDemo", "Demos\MovingConcaveDemo\AppMovingConcaveDemo.vcxproj", "{35F347D6-A36D-4E9E-B6B0-70FE79F696B1}"
	ProjectSection(ProjectDependencies) = postProject
		{57EFC6E6-5972-4E3F-B780-DD7E52184C25} = {57EFC6E6-5972-4E3F-B780-DD7E52184C25}
		{948A39E2-B689-491E-B071-82548FC6FDF5} = {948A39E2-B689-491E-B071-82548FC6FDF5}
		{BC8782F4-05A2-4F35-AFFD-395AD51EB820} = {BC8782F4-05A2-4F35-AFFD-395AD51EB820}
		{4A3615EC-DBC6-465C-A69B-B5DEB22574A3} = {4A3615EC-DBC6-465C-A69B-B5DEB22574A3}
		{E2E4B2C1-5F72-4250-B7D0-D45434AD3A3A} = {E2E4B2C1-5F72-4250-B7D0-D45434AD3A3A}
	EndProjectSection
EndProject
Project("{8BC9CEB8-8B4A-11D0-8D11-00A0C91BC942}") = "AppMultiMaterialDemo", "Demos\MultiMaterialDemo\AppMultiMaterialDemo.vcxproj", "{4A09EB3B-B7CD-4BE6-B0F7-2C3073F990F0}"
	ProjectSection(ProjectDependencies) = postProject
		{57EFC6E6-5972-4E3F-B780-DD7E52184C25} = {57EFC6E6-5972-4E3F-B780-DD7E52184C25}
		{948A39E2-B689-491E-B071-82548FC6FDF5} = {948A39E2-B689-491E-B071-82548FC6FDF5}
		{BC8782F4-05A2-4F35-AFFD-395AD51EB820} = {BC8782F4-05A2-4F35-AFFD-395AD51EB820}
		{4A3615EC-DBC6-465C-A69B-B5DEB22574A3} = {4A3615EC-DBC6-465C-A69B-B5DEB22574A3}
		{E2E4B2C1-5F72-4250-B7D0-D45434AD3A3A} = {E2E4B2C1-5F72-4250-B7D0-D45434AD3A3A}
	EndProjectSection
EndProject
Project("{8BC9CEB8-8B4A-11D0-8D11-00A0C91BC942}") = "AppMultiThreadedDemo", "Demos\MultiThreadedDemo\AppMultiThreadedDemo.vcxproj", "{43288731-57BC-4C41-BE97-9E5F478A266A}"
	ProjectSection(ProjectDependencies) = postProject
		{57EFC6E6-5972-4E3F-B780-DD7E52184C25} = {57EFC6E6-5972-4E3F-B780-DD7E52184C25}
		{948A39E2-B689-491E-B071-82548FC6FDF5} = {948A39E2-B689-491E-B071-82548FC6FDF5}
		{3F630CE5-3B5B-4B4C-9AAD-675BC1919A34} = {3F630CE5-3B5B-4B4C-9AAD-675BC1919A34}
		{BC8782F4-05A2-4F35-AFFD-395AD51EB820} = {BC8782F4-05A2-4F35-AFFD-395AD51EB820}
		{4A3615EC-DBC6-465C-A69B-B5DEB22574A3} = {4A3615EC-DBC6-465C-A69B-B5DEB22574A3}
		{E2E4B2C1-5F72-4250-B7D0-D45434AD3A3A} = {E2E4B2C1-5F72-4250-B7D0-D45434AD3A3A}
	EndProjectSection
EndProject
Project("{8BC9CEB8-8B4A-11D0-8D11-00A0C91BC942}") = "AppOpenCLClothDemo_Mini", "Demos\OpenCLClothDemo\MiniCL\AppOpenCLClothDemo_Mini.vcxproj", "{A439BB5C-555C-451F-A8DF-6A2F7DFFD649}"
	ProjectSection(ProjectDependencies) = postProject
		{57EFC6E6-5972-4E3F-B780-DD7E52184C25} = {57EFC6E6-5972-4E3F-B780-DD7E52184C25}
		{948A39E2-B689-491E-B071-82548FC6FDF5} = {948A39E2-B689-491E-B071-82548FC6FDF5}
		{3F630CE5-3B5B-4B4C-9AAD-675BC1919A34} = {3F630CE5-3B5B-4B4C-9AAD-675BC1919A34}
		{FB4F93B3-D171-401A-89DD-0BCB21A35975} = {FB4F93B3-D171-401A-89DD-0BCB21A35975}
		{7BFF7261-040F-44A4-A44B-0E4B640EFFF1} = {7BFF7261-040F-44A4-A44B-0E4B640EFFF1}
		{BC8782F4-05A2-4F35-AFFD-395AD51EB820} = {BC8782F4-05A2-4F35-AFFD-395AD51EB820}
		{0FF4A41A-C915-40AC-9E5A-1F7722F89C8E} = {0FF4A41A-C915-40AC-9E5A-1F7722F89C8E}
		{4A3615EC-DBC6-465C-A69B-B5DEB22574A3} = {4A3615EC-DBC6-465C-A69B-B5DEB22574A3}
		{E2E4B2C1-5F72-4250-B7D0-D45434AD3A3A} = {E2E4B2C1-5F72-4250-B7D0-D45434AD3A3A}
	EndProjectSection
EndProject
Project("{8BC9CEB8-8B4A-11D0-8D11-00A0C91BC942}") = "AppParticlesOCL_Mini", "Demos\ParticlesOpenCL\MiniCL\AppParticlesOCL_Mini.vcxproj", "{EED9156F-2F7A-43F4-9E6E-B8666C2FCFA4}"
	ProjectSection(ProjectDependencies) = postProject
		{57EFC6E6-5972-4E3F-B780-DD7E52184C25} = {57EFC6E6-5972-4E3F-B780-DD7E52184C25}
		{948A39E2-B689-491E-B071-82548FC6FDF5} = {948A39E2-B689-491E-B071-82548FC6FDF5}
		{3F630CE5-3B5B-4B4C-9AAD-675BC1919A34} = {3F630CE5-3B5B-4B4C-9AAD-675BC1919A34}
		{BC8782F4-05A2-4F35-AFFD-395AD51EB820} = {BC8782F4-05A2-4F35-AFFD-395AD51EB820}
		{0FF4A41A-C915-40AC-9E5A-1F7722F89C8E} = {0FF4A41A-C915-40AC-9E5A-1F7722F89C8E}
		{4A3615EC-DBC6-465C-A69B-B5DEB22574A3} = {4A3615EC-DBC6-465C-A69B-B5DEB22574A3}
		{E2E4B2C1-5F72-4250-B7D0-D45434AD3A3A} = {E2E4B2C1-5F72-4250-B7D0-D45434AD3A3A}
	EndProjectSection
EndProject
Project("{8BC9CEB8-8B4A-11D0-8D11-00A0C91BC942}") = "AppRagdollDemo", "Demos\RagdollDemo\AppRagdollDemo.vcxproj", "{F45F563B-F420-436B-84C8-CEB951CC7736}"
	ProjectSection(ProjectDependencies) = postProject
		{57EFC6E6-5972-4E3F-B780-DD7E52184C25} = {57EFC6E6-5972-4E3F-B780-DD7E52184C25}
		{948A39E2-B689-491E-B071-82548FC6FDF5} = {948A39E2-B689-491E-B071-82548FC6FDF5}
		{BC8782F4-05A2-4F35-AFFD-395AD51EB820} = {BC8782F4-05A2-4F35-AFFD-395AD51EB820}
		{4A3615EC-DBC6-465C-A69B-B5DEB22574A3} = {4A3615EC-DBC6-465C-A69B-B5DEB22574A3}
		{E2E4B2C1-5F72-4250-B7D0-D45434AD3A3A} = {E2E4B2C1-5F72-4250-B7D0-D45434AD3A3A}
	EndProjectSection
EndProject
Project("{8BC9CEB8-8B4A-11D0-8D11-00A0C91BC942}") = "AppRaytracer", "Demos\Raytracer\AppRaytracer.vcxproj", "{2A5AB3DC-AEC5-42E6-B2AC-120498127EDA}"
	ProjectSection(ProjectDependencies) = postProject
		{57EFC6E6-5972-4E3F-B780-DD7E52184C25} = {57EFC6E6-5972-4E3F-B780-DD7E52184C25}
		{948A39E2-B689-491E-B071-82548FC6FDF5} = {948A39E2-B689-491E-B071-82548FC6FDF5}
		{BC8782F4-05A2-4F35-AFFD-395AD51EB820} = {BC8782F4-05A2-4F35-AFFD-395AD51EB820}
		{4A3615EC-DBC6-465C-A69B-B5DEB22574A3} = {4A3615EC-DBC6-465C-A69B-B5DEB22574A3}
		{E2E4B2C1-5F72-4250-B7D0-D45434AD3A3A} = {E2E4B2C1-5F72-4250-B7D0-D45434AD3A3A}
	EndProjectSection
EndProject
Project("{8BC9CEB8-8B4A-11D0-8D11-00A0C91BC942}") = "AppSerializeDemo", "Demos\SerializeDemo\AppSerializeDemo.vcxproj", "{7DAEF8AB-5281-4CD1-80F9-C6B648EB0434}"
	ProjectSection(ProjectDependencies) = postProject
		{57EFC6E6-5972-4E3F-B780-DD7E52184C25} = {57EFC6E6-5972-4E3F-B780-DD7E52184C25}
		{948A39E2-B689-491E-B071-82548FC6FDF5} = {948A39E2-B689-491E-B071-82548FC6FDF5}
		{ABD7465F-459B-490B-8590-62E466E71E95} = {ABD7465F-459B-490B-8590-62E466E71E95}
		{FB4F93B3-D171-401A-89DD-0BCB21A35975} = {FB4F93B3-D171-401A-89DD-0BCB21A35975}
		{2E7C7FBF-181A-4E57-A2C2-C56FC9B05C9A} = {2E7C7FBF-181A-4E57-A2C2-C56FC9B05C9A}
		{BC8782F4-05A2-4F35-AFFD-395AD51EB820} = {BC8782F4-05A2-4F35-AFFD-395AD51EB820}
		{4A3615EC-DBC6-465C-A69B-B5DEB22574A3} = {4A3615EC-DBC6-465C-A69B-B5DEB22574A3}
		{E2E4B2C1-5F72-4250-B7D0-D45434AD3A3A} = {E2E4B2C1-5F72-4250-B7D0-D45434AD3A3A}
	EndProjectSection
EndProject
Project("{8BC9CEB8-8B4A-11D0-8D11-00A0C91BC942}") = "AppSimplexDemo", "Demos\SimplexDemo\AppSimplexDemo.vcxproj", "{B1EFE7E2-F228-4AEF-9C09-764998FA053F}"
	ProjectSection(ProjectDependencies) = postProject
		{57EFC6E6-5972-4E3F-B780-DD7E52184C25} = {57EFC6E6-5972-4E3F-B780-DD7E52184C25}
		{948A39E2-B689-491E-B071-82548FC6FDF5} = {948A39E2-B689-491E-B071-82548FC6FDF5}
		{BC8782F4-05A2-4F35-AFFD-395AD51EB820} = {BC8782F4-05A2-4F35-AFFD-395AD51EB820}
		{4A3615EC-DBC6-465C-A69B-B5DEB22574A3} = {4A3615EC-DBC6-465C-A69B-B5DEB22574A3}
		{E2E4B2C1-5F72-4250-B7D0-D45434AD3A3A} = {E2E4B2C1-5F72-4250-B7D0-D45434AD3A3A}
	EndProjectSection
EndProject
Project("{8BC9CEB8-8B4A-11D0-8D11-00A0C91BC942}") = "AppSliderConstraintDemo", "Demos\SliderConstraintDemo\AppSliderConstraintDemo.vcxproj", "{E7AD79D8-2F15-48EF-B510-9F00EC69D448}"
	ProjectSection(ProjectDependencies) = postProject
		{57EFC6E6-5972-4E3F-B780-DD7E52184C25} = {57EFC6E6-5972-4E3F-B780-DD7E52184C25}
		{948A39E2-B689-491E-B071-82548FC6FDF5} = {948A39E2-B689-491E-B071-82548FC6FDF5}
		{BC8782F4-05A2-4F35-AFFD-395AD51EB820} = {BC8782F4-05A2-4F35-AFFD-395AD51EB820}
		{4A3615EC-DBC6-465C-A69B-B5DEB22574A3} = {4A3615EC-DBC6-465C-A69B-B5DEB22574A3}
		{E2E4B2C1-5F72-4250-B7D0-D45434AD3A3A} = {E2E4B2C1-5F72-4250-B7D0-D45434AD3A3A}
	EndProjectSection
EndProject
Project("{8BC9CEB8-8B4A-11D0-8D11-00A0C91BC942}") = "AppSoftBodyDemo", "Demos\SoftDemo\AppSoftBodyDemo.vcxproj", "{8DE23932-20CE-4A38-9235-B19F712D4F91}"
	ProjectSection(ProjectDependencies) = postProject
		{57EFC6E6-5972-4E3F-B780-DD7E52184C25} = {57EFC6E6-5972-4E3F-B780-DD7E52184C25}
		{948A39E2-B689-491E-B071-82548FC6FDF5} = {948A39E2-B689-491E-B071-82548FC6FDF5}
		{FB4F93B3-D171-401A-89DD-0BCB21A35975} = {FB4F93B3-D171-401A-89DD-0BCB21A35975}
		{BC8782F4-05A2-4F35-AFFD-395AD51EB820} = {BC8782F4-05A2-4F35-AFFD-395AD51EB820}
		{4A3615EC-DBC6-465C-A69B-B5DEB22574A3} = {4A3615EC-DBC6-465C-A69B-B5DEB22574A3}
		{E2E4B2C1-5F72-4250-B7D0-D45434AD3A3A} = {E2E4B2C1-5F72-4250-B7D0-D45434AD3A3A}
	EndProjectSection
EndProject
Project("{8BC9CEB8-8B4A-11D0-8D11-00A0C91BC942}") = "AppThreadingDemo", "Demos\ThreadingDemo\AppThreadingDemo.vcxproj", "{EB287E0C-908D-4387-9E93-C88E0676E5B5}"
	ProjectSection(ProjectDependencies) = postProject
		{57EFC6E6-5972-4E3F-B780-DD7E52184C25} = {57EFC6E6-5972-4E3F-B780-DD7E52184C25}
		{948A39E2-B689-491E-B071-82548FC6FDF5} = {948A39E2-B689-491E-B071-82548FC6FDF5}
		{3F630CE5-3B5B-4B4C-9AAD-675BC1919A34} = {3F630CE5-3B5B-4B4C-9AAD-675BC1919A34}
		{BC8782F4-05A2-4F35-AFFD-395AD51EB820} = {BC8782F4-05A2-4F35-AFFD-395AD51EB820}
		{E2E4B2C1-5F72-4250-B7D0-D45434AD3A3A} = {E2E4B2C1-5F72-4250-B7D0-D45434AD3A3A}
	EndProjectSection
EndProject
Project("{8BC9CEB8-8B4A-11D0-8D11-00A0C91BC942}") = "AppUserCollisionAlgorithm", "Demos\UserCollisionAlgorithm\AppUserCollisionAlgorithm.vcxproj", "{6B3965C3-3D09-4CF9-9E3D-1598E5AB9240}"
	ProjectSection(ProjectDependencies) = postProject
		{57EFC6E6-5972-4E3F-B780-DD7E52184C25} = {57EFC6E6-5972-4E3F-B780-DD7E52184C25}
		{948A39E2-B689-491E-B071-82548FC6FDF5} = {948A39E2-B689-491E-B071-82548FC6FDF5}
		{BC8782F4-05A2-4F35-AFFD-395AD51EB820} = {BC8782F4-05A2-4F35-AFFD-395AD51EB820}
		{4A3615EC-DBC6-465C-A69B-B5DEB22574A3} = {4A3615EC-DBC6-465C-A69B-B5DEB22574A3}
		{E2E4B2C1-5F72-4250-B7D0-D45434AD3A3A} = {E2E4B2C1-5F72-4250-B7D0-D45434AD3A3A}
	EndProjectSection
EndProject
Project("{8BC9CEB8-8B4A-11D0-8D11-00A0C91BC942}") = "AppVectorAdd_Mini", "Demos\VectorAdd_OpenCL\MiniCL\AppVectorAdd_Mini.vcxproj", "{347CCF0A-1E05-40FF-9ABA-539BF104527C}"
	ProjectSection(ProjectDependencies) = postProject
		{3F630CE5-3B5B-4B4C-9AAD-675BC1919A34} = {3F630CE5-3B5B-4B4C-9AAD-675BC1919A34}
		{BC8782F4-05A2-4F35-AFFD-395AD51EB820} = {BC8782F4-05A2-4F35-AFFD-395AD51EB820}
		{0FF4A41A-C915-40AC-9E5A-1F7722F89C8E} = {0FF4A41A-C915-40AC-9E5A-1F7722F89C8E}
		{E2E4B2C1-5F72-4250-B7D0-D45434AD3A3A} = {E2E4B2C1-5F72-4250-B7D0-D45434AD3A3A}
	EndProjectSection
EndProject
Project("{8BC9CEB8-8B4A-11D0-8D11-00A0C91BC942}") = "AppVehicleDemo", "Demos\VehicleDemo\AppVehicleDemo.vcxproj", "{E0C44555-0FB0-4B26-84C8-69DE09B83DDA}"
	ProjectSection(ProjectDependencies) = postProject
		{57EFC6E6-5972-4E3F-B780-DD7E52184C25} = {57EFC6E6-5972-4E3F-B780-DD7E52184C25}
		{948A39E2-B689-491E-B071-82548FC6FDF5} = {948A39E2-B689-491E-B071-82548FC6FDF5}
		{BC8782F4-05A2-4F35-AFFD-395AD51EB820} = {BC8782F4-05A2-4F35-AFFD-395AD51EB820}
		{4A3615EC-DBC6-465C-A69B-B5DEB22574A3} = {4A3615EC-DBC6-465C-A69B-B5DEB22574A3}
		{E2E4B2C1-5F72-4250-B7D0-D45434AD3A3A} = {E2E4B2C1-5F72-4250-B7D0-D45434AD3A3A}
	EndProjectSection
EndProject
Project("{8BC9CEB8-8B4A-11D0-8D11-00A0C91BC942}") = "AppVoronoiFractureDemo", "Demos\VoronoiFractureDemo\AppVoronoiFractureDemo.vcxproj", "{DADEA716-5697-4062-AB89-4D1BFD1CEA38}"
	ProjectSection(ProjectDependencies) = postProject
		{57EFC6E6-5972-4E3F-B780-DD7E52184C25} = {57EFC6E6-5972-4E3F-B780-DD7E52184C25}
		{948A39E2-B689-491E-B071-82548FC6FDF5} = {948A39E2-B689-491E-B071-82548FC6FDF5}
		{BC8782F4-05A2-4F35-AFFD-395AD51EB820} = {BC8782F4-05A2-4F35-AFFD-395AD51EB820}
		{4A3615EC-DBC6-465C-A69B-B5DEB22574A3} = {4A3615EC-DBC6-465C-A69B-B5DEB22574A3}
		{E2E4B2C1-5F72-4250-B7D0-D45434AD3A3A} = {E2E4B2C1-5F72-4250-B7D0-D45434AD3A3A}
	EndProjectSection
EndProject
Project("{8BC9CEB8-8B4A-11D0-8D11-00A0C91BC942}") = "BulletCollision", "src\BulletCollision\BulletCollision.vcxproj", "{57EFC6E6-5972-4E3F-B780-DD7E52184C25}"
	ProjectSection(ProjectDependencies) = postProject
		{E2E4B2C1-5F72-4250-B7D0-D45434AD3A3A} = {E2E4B2C1-5F72-4250-B7D0-D45434AD3A3A}
	EndProjectSection
EndProject
Project("{8BC9CEB8-8B4A-11D0-8D11-00A0C91BC942}") = "BulletDynamics", "src\BulletDynamics\BulletDynamics.vcxproj", "{948A39E2-B689-491E-B071-82548FC6FDF5}"
	ProjectSection(ProjectDependencies) = postProject
		{E2E4B2C1-5F72-4250-B7D0-D45434AD3A3A} = {E2E4B2C1-5F72-4250-B7D0-D45434AD3A3A}
	EndProjectSection
EndProject
Project("{8BC9CEB8-8B4A-11D0-8D11-00A0C91BC942}") = "BulletFileLoader", "Extras\Serialize\BulletFileLoader\BulletFileLoader.vcxproj", "{ABD7465F-459B-490B-8590-62E466E71E95}"
	ProjectSection(ProjectDependencies) = postProject
		{E2E4B2C1-5F72-4250-B7D0-D45434AD3A3A} = {E2E4B2C1-5F72-4250-B7D0-D45434AD3A3A}
	EndProjectSection
EndProject
Project("{8BC9CEB8-8B4A-11D0-8D11-00A0C91BC942}") = "BulletMultiThreaded", "src\BulletMultiThreaded\BulletMultiThreaded.vcxproj", "{3F630CE5-3B5B-4B4C-9AAD-675BC1919A34}"
	ProjectSection(ProjectDependencies) = postProject
		{E2E4B2C1-5F72-4250-B7D0-D45434AD3A3A} = {E2E4B2C1-5F72-4250-B7D0-D45434AD3A3A}
	EndProjectSection
EndProject
Project("{8BC9CEB8-8B4A-11D0-8D11-00A0C91BC942}") = "BulletSoftBody", "src\BulletSoftBody\BulletSoftBody.vcxproj", "{FB4F93B3-D171-401A-89DD-0BCB21A35975}"
	ProjectSection(ProjectDependencies) = postProject
		{E2E4B2C1-5F72-4250-B7D0-D45434AD3A3A} = {E2E4B2C1-5F72-4250-B7D0-D45434AD3A3A}
	EndProjectSection
EndProject
Project("{8BC9CEB8-8B4A-11D0-8D11-00A0C91BC942}") = "BulletSoftBodySolvers_OpenCL_Mini", "src\BulletMultiThreaded\GpuSoftBodySolvers\OpenCL\MiniCL\BulletSoftBodySolvers_OpenCL_Mini.vcxproj", "{7BFF7261-040F-44A4-A44B-0E4B640EFFF1}"
	ProjectSection(ProjectDependencies) = postProject
		{E2E4B2C1-5F72-4250-B7D0-D45434AD3A3A} = {E2E4B2C1-5F72-4250-B7D0-D45434AD3A3A}
	EndProjectSection
EndProject
Project("{8BC9CEB8-8B4A-11D0-8D11-00A0C91BC942}") = "BulletWorldImporter", "Extras\Serialize\BulletWorldImporter\BulletWorldImporter.vcxproj", "{2E7C7FBF-181A-4E57-A2C2-C56FC9B05C9A}"
	ProjectSection(ProjectDependencies) = postProject
		{E2E4B2C1-5F72-4250-B7D0-D45434AD3A3A} = {E2E4B2C1-5F72-4250-B7D0-D45434AD3A3A}
	EndProjectSection
EndProject
Project("{8BC9CEB8-8B4A-11D0-8D11-00A0C91BC942}") = "ConvexDecomposition", "Extras\ConvexDecomposition\ConvexDecomposition.vcxproj", "{E5DA6BD3-6A92-47EC-866A-9A5CCC7BC580}"
	ProjectSection(ProjectDependencies) = postProject
		{E2E4B2C1-5F72-4250-B7D0-D45434AD3A3A} = {E2E4B2C1-5F72-4250-B7D0-D45434AD3A3A}
	EndProjectSection
EndProject
Project("{8BC9CEB8-8B4A-11D0-8D11-00A0C91BC942}") = "GIMPACTUtils", "Extras\GIMPACTUtils\GIMPACTUtils.vcxproj", "{C2428790-F613-4AC8-802A-C76FF15DCE8C}"
	ProjectSection(ProjectDependencies) = postProject
		{E2E4B2C1-5F72-4250-B7D0-D45434AD3A3A} = {E2E4B2C1-5F72-4250-B7D0-D45434AD3A3A}
	EndProjectSection
EndProject
Project("{8BC9CEB8-8B4A-11D0-8D11-00A0C91BC942}") = "GLUI", "Extras\glui\GLUI.vcxproj", "{39394163-CBBE-439A-A0EB-C5C00C57B703}"
	ProjectSection(ProjectDependencies) = postProject
		{E2E4B2C1-5F72-4250-B7D0-D45434AD3A3A} = {E2E4B2C1-5F72-4250-B7D0-D45434AD3A3A}
	EndProjectSection
EndProject
Project("{8BC9CEB8-8B4A-11D0-8D11-00A0C91BC942}") = "HACD", "Extras\HACD\HACD.vcxproj", "{E1DAD63A-FB29-480B-ABA4-92C063DBE804}"
	ProjectSection(ProjectDependencies) = postProject
		{E2E4B2C1-5F72-4250-B7D0-D45434AD3A3A} = {E2E4B2C1-5F72-4250-B7D0-D45434AD3A3A}
	EndProjectSection
EndProject
Project("{8BC9CEB8-8B4A-11D0-8D11-00A0C91BC942}") = "LinearMath", "src\LinearMath\LinearMath.vcxproj", "{BC8782F4-05A2-4F35-AFFD-395AD51EB820}"
	ProjectSection(ProjectDependencies) = postProject
		{E2E4B2C1-5F72-4250-B7D0-D45434AD3A3A} = {E2E4B2C1-5F72-4250-B7D0-D45434AD3A3A}
	EndProjectSection
EndProject
Project("{8BC9CEB8-8B4A-11D0-8D11-00A0C91BC942}") = "MiniCL", "src\MiniCL\MiniCL.vcxproj", "{0FF4A41A-C915-40AC-9E5A-1F7722F89C8E}"
	ProjectSection(ProjectDependencies) = postProject
		{E2E4B2C1-5F72-4250-B7D0-D45434AD3A3A} = {E2E4B2C1-5F72-4250-B7D0-D45434AD3A3A}
	EndProjectSection
EndProject
Project("{8BC9CEB8-8B4A-11D0-8D11-00A0C91BC942}") = "OpenGLSupport", "Demos\OpenGL\OpenGLSupport.vcxproj", "{4A3615EC-DBC6-465C-A69B-B5DEB22574A3}"
	ProjectSection(ProjectDependencies) = postProject
		{E2E4B2C1-5F72-4250-B7D0-D45434AD3A3A} = {E2E4B2C1-5F72-4250-B7D0-D45434AD3A3A}
	EndProjectSection
EndProject
Project("{8BC9CEB8-8B4A-11D0-8D11-00A0C91BC942}") = "ZERO_CHECK", "ZERO_CHECK.vcxproj", "{E2E4B2C1-5F72-4250-B7D0-D45434AD3A3A}"
	ProjectSection(ProjectDependencies) = postProject
	EndProjectSection
EndProject
Global
	GlobalSection(SolutionConfigurationPlatforms) = preSolution
		Debug|Win32 = Debug|Win32
		Release|Win32 = Release|Win32
		MinSizeRel|Win32 = MinSizeRel|Win32
		RelWithDebInfo|Win32 = RelWithDebInfo|Win32
	EndGlobalSection
	GlobalSection(ProjectConfigurationPlatforms) = postSolution
		{C2B24F82-2592-4977-9C5D-7EE60321BA13}.Debug|Win32.ActiveCfg = Debug|Win32
		{C2B24F82-2592-4977-9C5D-7EE60321BA13}.Release|Win32.ActiveCfg = Release|Win32
		{C2B24F82-2592-4977-9C5D-7EE60321BA13}.MinSizeRel|Win32.ActiveCfg = MinSizeRel|Win32
		{C2B24F82-2592-4977-9C5D-7EE60321BA13}.RelWithDebInfo|Win32.ActiveCfg = RelWithDebInfo|Win32
		{079A491B-7D51-4669-A8B8-20CEC22AE763}.Debug|Win32.ActiveCfg = Debug|Win32
		{079A491B-7D51-4669-A8B8-20CEC22AE763}.Debug|Win32.Build.0 = Debug|Win32
		{079A491B-7D51-4669-A8B8-20CEC22AE763}.Release|Win32.ActiveCfg = Release|Win32
		{079A491B-7D51-4669-A8B8-20CEC22AE763}.Release|Win32.Build.0 = Release|Win32
		{079A491B-7D51-4669-A8B8-20CEC22AE763}.MinSizeRel|Win32.ActiveCfg = MinSizeRel|Win32
		{079A491B-7D51-4669-A8B8-20CEC22AE763}.MinSizeRel|Win32.Build.0 = MinSizeRel|Win32
		{079A491B-7D51-4669-A8B8-20CEC22AE763}.RelWithDebInfo|Win32.ActiveCfg = RelWithDebInfo|Win32
		{079A491B-7D51-4669-A8B8-20CEC22AE763}.RelWithDebInfo|Win32.Build.0 = RelWithDebInfo|Win32
		{79264FEC-3595-480C-9702-434AE3963831}.Debug|Win32.ActiveCfg = Debug|Win32
		{79264FEC-3595-480C-9702-434AE3963831}.Debug|Win32.Build.0 = Debug|Win32
		{79264FEC-3595-480C-9702-434AE3963831}.Release|Win32.ActiveCfg = Release|Win32
		{79264FEC-3595-480C-9702-434AE3963831}.Release|Win32.Build.0 = Release|Win32
		{79264FEC-3595-480C-9702-434AE3963831}.MinSizeRel|Win32.ActiveCfg = MinSizeRel|Win32
		{79264FEC-3595-480C-9702-434AE3963831}.MinSizeRel|Win32.Build.0 = MinSizeRel|Win32
		{79264FEC-3595-480C-9702-434AE3963831}.RelWithDebInfo|Win32.ActiveCfg = RelWithDebInfo|Win32
		{79264FEC-3595-480C-9702-434AE3963831}.RelWithDebInfo|Win32.Build.0 = RelWithDebInfo|Win32
		{0683EAF8-74F8-42B1-A1A4-8D28D43B724D}.Debug|Win32.ActiveCfg = Debug|Win32
		{0683EAF8-74F8-42B1-A1A4-8D28D43B724D}.Debug|Win32.Build.0 = Debug|Win32
		{0683EAF8-74F8-42B1-A1A4-8D28D43B724D}.Release|Win32.ActiveCfg = Release|Win32
		{0683EAF8-74F8-42B1-A1A4-8D28D43B724D}.Release|Win32.Build.0 = Release|Win32
		{0683EAF8-74F8-42B1-A1A4-8D28D43B724D}.MinSizeRel|Win32.ActiveCfg = MinSizeRel|Win32
		{0683EAF8-74F8-42B1-A1A4-8D28D43B724D}.MinSizeRel|Win32.Build.0 = MinSizeRel|Win32
		{0683EAF8-74F8-42B1-A1A4-8D28D43B724D}.RelWithDebInfo|Win32.ActiveCfg = RelWithDebInfo|Win32
		{0683EAF8-74F8-42B1-A1A4-8D28D43B724D}.RelWithDebInfo|Win32.Build.0 = RelWithDebInfo|Win32
		{BF42672E-5629-4893-A4D6-6B4906AFF5FA}.Debug|Win32.ActiveCfg = Debug|Win32
		{BF42672E-5629-4893-A4D6-6B4906AFF5FA}.Debug|Win32.Build.0 = Debug|Win32
		{BF42672E-5629-4893-A4D6-6B4906AFF5FA}.Release|Win32.ActiveCfg = Release|Win32
		{BF42672E-5629-4893-A4D6-6B4906AFF5FA}.Release|Win32.Build.0 = Release|Win32
		{BF42672E-5629-4893-A4D6-6B4906AFF5FA}.MinSizeRel|Win32.ActiveCfg = MinSizeRel|Win32
		{BF42672E-5629-4893-A4D6-6B4906AFF5FA}.MinSizeRel|Win32.Build.0 = MinSizeRel|Win32
		{BF42672E-5629-4893-A4D6-6B4906AFF5FA}.RelWithDebInfo|Win32.ActiveCfg = RelWithDebInfo|Win32
		{BF42672E-5629-4893-A4D6-6B4906AFF5FA}.RelWithDebInfo|Win32.Build.0 = RelWithDebInfo|Win32
		{6FA441FE-943B-41AC-9708-BD8DFC3E6FAE}.Debug|Win32.ActiveCfg = Debug|Win32
		{6FA441FE-943B-41AC-9708-BD8DFC3E6FAE}.Debug|Win32.Build.0 = Debug|Win32
		{6FA441FE-943B-41AC-9708-BD8DFC3E6FAE}.Release|Win32.ActiveCfg = Release|Win32
		{6FA441FE-943B-41AC-9708-BD8DFC3E6FAE}.Release|Win32.Build.0 = Release|Win32
		{6FA441FE-943B-41AC-9708-BD8DFC3E6FAE}.MinSizeRel|Win32.ActiveCfg = MinSizeRel|Win32
		{6FA441FE-943B-41AC-9708-BD8DFC3E6FAE}.MinSizeRel|Win32.Build.0 = MinSizeRel|Win32
		{6FA441FE-943B-41AC-9708-BD8DFC3E6FAE}.RelWithDebInfo|Win32.ActiveCfg = RelWithDebInfo|Win32
		{6FA441FE-943B-41AC-9708-BD8DFC3E6FAE}.RelWithDebInfo|Win32.Build.0 = RelWithDebInfo|Win32
		{87383333-7089-45F8-A7D7-6E00F0BAC065}.Debug|Win32.ActiveCfg = Debug|Win32
		{87383333-7089-45F8-A7D7-6E00F0BAC065}.Debug|Win32.Build.0 = Debug|Win32
		{87383333-7089-45F8-A7D7-6E00F0BAC065}.Release|Win32.ActiveCfg = Release|Win32
		{87383333-7089-45F8-A7D7-6E00F0BAC065}.Release|Win32.Build.0 = Release|Win32
		{87383333-7089-45F8-A7D7-6E00F0BAC065}.MinSizeRel|Win32.ActiveCfg = MinSizeRel|Win32
		{87383333-7089-45F8-A7D7-6E00F0BAC065}.MinSizeRel|Win32.Build.0 = MinSizeRel|Win32
		{87383333-7089-45F8-A7D7-6E00F0BAC065}.RelWithDebInfo|Win32.ActiveCfg = RelWithDebInfo|Win32
		{87383333-7089-45F8-A7D7-6E00F0BAC065}.RelWithDebInfo|Win32.Build.0 = RelWithDebInfo|Win32
		{96E45E2C-1D26-4052-9ABA-3CA7043B5AA7}.Debug|Win32.ActiveCfg = Debug|Win32
		{96E45E2C-1D26-4052-9ABA-3CA7043B5AA7}.Debug|Win32.Build.0 = Debug|Win32
		{96E45E2C-1D26-4052-9ABA-3CA7043B5AA7}.Release|Win32.ActiveCfg = Release|Win32
		{96E45E2C-1D26-4052-9ABA-3CA7043B5AA7}.Release|Win32.Build.0 = Release|Win32
		{96E45E2C-1D26-4052-9ABA-3CA7043B5AA7}.MinSizeRel|Win32.ActiveCfg = MinSizeRel|Win32
		{96E45E2C-1D26-4052-9ABA-3CA7043B5AA7}.MinSizeRel|Win32.Build.0 = MinSizeRel|Win32
		{96E45E2C-1D26-4052-9ABA-3CA7043B5AA7}.RelWithDebInfo|Win32.ActiveCfg = RelWithDebInfo|Win32
		{96E45E2C-1D26-4052-9ABA-3CA7043B5AA7}.RelWithDebInfo|Win32.Build.0 = RelWithDebInfo|Win32
		{E9C46C46-2925-401E-9367-A5D985D6A11A}.Debug|Win32.ActiveCfg = Debug|Win32
		{E9C46C46-2925-401E-9367-A5D985D6A11A}.Debug|Win32.Build.0 = Debug|Win32
		{E9C46C46-2925-401E-9367-A5D985D6A11A}.Release|Win32.ActiveCfg = Release|Win32
		{E9C46C46-2925-401E-9367-A5D985D6A11A}.Release|Win32.Build.0 = Release|Win32
		{E9C46C46-2925-401E-9367-A5D985D6A11A}.MinSizeRel|Win32.ActiveCfg = MinSizeRel|Win32
		{E9C46C46-2925-401E-9367-A5D985D6A11A}.MinSizeRel|Win32.Build.0 = MinSizeRel|Win32
		{E9C46C46-2925-401E-9367-A5D985D6A11A}.RelWithDebInfo|Win32.ActiveCfg = RelWithDebInfo|Win32
		{E9C46C46-2925-401E-9367-A5D985D6A11A}.RelWithDebInfo|Win32.Build.0 = RelWithDebInfo|Win32
		{7DADB2A4-632B-4128-A54A-0AC58147E92F}.Debug|Win32.ActiveCfg = Debug|Win32
		{7DADB2A4-632B-4128-A54A-0AC58147E92F}.Debug|Win32.Build.0 = Debug|Win32
		{7DADB2A4-632B-4128-A54A-0AC58147E92F}.Release|Win32.ActiveCfg = Release|Win32
		{7DADB2A4-632B-4128-A54A-0AC58147E92F}.Release|Win32.Build.0 = Release|Win32
		{7DADB2A4-632B-4128-A54A-0AC58147E92F}.MinSizeRel|Win32.ActiveCfg = MinSizeRel|Win32
		{7DADB2A4-632B-4128-A54A-0AC58147E92F}.MinSizeRel|Win32.Build.0 = MinSizeRel|Win32
		{7DADB2A4-632B-4128-A54A-0AC58147E92F}.RelWithDebInfo|Win32.ActiveCfg = RelWithDebInfo|Win32
		{7DADB2A4-632B-4128-A54A-0AC58147E92F}.RelWithDebInfo|Win32.Build.0 = RelWithDebInfo|Win32
		{1F9BD76A-98E8-4FA2-BC27-B08C7F954CBF}.Debug|Win32.ActiveCfg = Debug|Win32
		{1F9BD76A-98E8-4FA2-BC27-B08C7F954CBF}.Debug|Win32.Build.0 = Debug|Win32
		{1F9BD76A-98E8-4FA2-BC27-B08C7F954CBF}.Release|Win32.ActiveCfg = Release|Win32
		{1F9BD76A-98E8-4FA2-BC27-B08C7F954CBF}.Release|Win32.Build.0 = Release|Win32
		{1F9BD76A-98E8-4FA2-BC27-B08C7F954CBF}.MinSizeRel|Win32.ActiveCfg = MinSizeRel|Win32
		{1F9BD76A-98E8-4FA2-BC27-B08C7F954CBF}.MinSizeRel|Win32.Build.0 = MinSizeRel|Win32
		{1F9BD76A-98E8-4FA2-BC27-B08C7F954CBF}.RelWithDebInfo|Win32.ActiveCfg = RelWithDebInfo|Win32
		{1F9BD76A-98E8-4FA2-BC27-B08C7F954CBF}.RelWithDebInfo|Win32.Build.0 = RelWithDebInfo|Win32
		{D710A6A4-CCB6-4B23-B6AB-EDAE52D3DA57}.Debug|Win32.ActiveCfg = Debug|Win32
		{D710A6A4-CCB6-4B23-B6AB-EDAE52D3DA57}.Debug|Win32.Build.0 = Debug|Win32
		{D710A6A4-CCB6-4B23-B6AB-EDAE52D3DA57}.Release|Win32.ActiveCfg = Release|Win32
		{D710A6A4-CCB6-4B23-B6AB-EDAE52D3DA57}.Release|Win32.Build.0 = Release|Win32
		{D710A6A4-CCB6-4B23-B6AB-EDAE52D3DA57}.MinSizeRel|Win32.ActiveCfg = MinSizeRel|Win32
		{D710A6A4-CCB6-4B23-B6AB-EDAE52D3DA57}.MinSizeRel|Win32.Build.0 = MinSizeRel|Win32
		{D710A6A4-CCB6-4B23-B6AB-EDAE52D3DA57}.RelWithDebInfo|Win32.ActiveCfg = RelWithDebInfo|Win32
		{D710A6A4-CCB6-4B23-B6AB-EDAE52D3DA57}.RelWithDebInfo|Win32.Build.0 = RelWithDebInfo|Win32
		{241BB7FD-FB36-4F05-AF01-40DDE261F403}.Debug|Win32.ActiveCfg = Debug|Win32
		{241BB7FD-FB36-4F05-AF01-40DDE261F403}.Debug|Win32.Build.0 = Debug|Win32
		{241BB7FD-FB36-4F05-AF01-40DDE261F403}.Release|Win32.ActiveCfg = Release|Win32
		{241BB7FD-FB36-4F05-AF01-40DDE261F403}.Release|Win32.Build.0 = Release|Win32
		{241BB7FD-FB36-4F05-AF01-40DDE261F403}.MinSizeRel|Win32.ActiveCfg = MinSizeRel|Win32
		{241BB7FD-FB36-4F05-AF01-40DDE261F403}.MinSizeRel|Win32.Build.0 = MinSizeRel|Win32
		{241BB7FD-FB36-4F05-AF01-40DDE261F403}.RelWithDebInfo|Win32.ActiveCfg = RelWithDebInfo|Win32
		{241BB7FD-FB36-4F05-AF01-40DDE261F403}.RelWithDebInfo|Win32.Build.0 = RelWithDebInfo|Win32
		{609EC84C-C822-4A6D-9283-0DB0198AE768}.Debug|Win32.ActiveCfg = Debug|Win32
		{609EC84C-C822-4A6D-9283-0DB0198AE768}.Debug|Win32.Build.0 = Debug|Win32
		{609EC84C-C822-4A6D-9283-0DB0198AE768}.Release|Win32.ActiveCfg = Release|Win32
		{609EC84C-C822-4A6D-9283-0DB0198AE768}.Release|Win32.Build.0 = Release|Win32
		{609EC84C-C822-4A6D-9283-0DB0198AE768}.MinSizeRel|Win32.ActiveCfg = MinSizeRel|Win32
		{609EC84C-C822-4A6D-9283-0DB0198AE768}.MinSizeRel|Win32.Build.0 = MinSizeRel|Win32
		{609EC84C-C822-4A6D-9283-0DB0198AE768}.RelWithDebInfo|Win32.ActiveCfg = RelWithDebInfo|Win32
		{609EC84C-C822-4A6D-9283-0DB0198AE768}.RelWithDebInfo|Win32.Build.0 = RelWithDebInfo|Win32
		{17881E74-0C01-4F6C-8D85-D0B7CC41B8E8}.Debug|Win32.ActiveCfg = Debug|Win32
		{17881E74-0C01-4F6C-8D85-D0B7CC41B8E8}.Debug|Win32.Build.0 = Debug|Win32
		{17881E74-0C01-4F6C-8D85-D0B7CC41B8E8}.Release|Win32.ActiveCfg = Release|Win32
		{17881E74-0C01-4F6C-8D85-D0B7CC41B8E8}.Release|Win32.Build.0 = Release|Win32
		{17881E74-0C01-4F6C-8D85-D0B7CC41B8E8}.MinSizeRel|Win32.ActiveCfg = MinSizeRel|Win32
		{17881E74-0C01-4F6C-8D85-D0B7CC41B8E8}.MinSizeRel|Win32.Build.0 = MinSizeRel|Win32
		{17881E74-0C01-4F6C-8D85-D0B7CC41B8E8}.RelWithDebInfo|Win32.ActiveCfg = RelWithDebInfo|Win32
		{17881E74-0C01-4F6C-8D85-D0B7CC41B8E8}.RelWithDebInfo|Win32.Build.0 = RelWithDebInfo|Win32
		{3C5F1574-9E7A-4CC6-B5AA-C90B9EBA0078}.Debug|Win32.ActiveCfg = Debug|Win32
		{3C5F1574-9E7A-4CC6-B5AA-C90B9EBA0078}.Debug|Win32.Build.0 = Debug|Win32
		{3C5F1574-9E7A-4CC6-B5AA-C90B9EBA0078}.Release|Win32.ActiveCfg = Release|Win32
		{3C5F1574-9E7A-4CC6-B5AA-C90B9EBA0078}.Release|Win32.Build.0 = Release|Win32
		{3C5F1574-9E7A-4CC6-B5AA-C90B9EBA0078}.MinSizeRel|Win32.ActiveCfg = MinSizeRel|Win32
		{3C5F1574-9E7A-4CC6-B5AA-C90B9EBA0078}.MinSizeRel|Win32.Build.0 = MinSizeRel|Win32
		{3C5F1574-9E7A-4CC6-B5AA-C90B9EBA0078}.RelWithDebInfo|Win32.ActiveCfg = RelWithDebInfo|Win32
		{3C5F1574-9E7A-4CC6-B5AA-C90B9EBA0078}.RelWithDebInfo|Win32.Build.0 = RelWithDebInfo|Win32
		{EA25143F-5552-49D7-9801-8BD02A256F98}.Debug|Win32.ActiveCfg = Debug|Win32
		{EA25143F-5552-49D7-9801-8BD02A256F98}.Debug|Win32.Build.0 = Debug|Win32
		{EA25143F-5552-49D7-9801-8BD02A256F98}.Release|Win32.ActiveCfg = Release|Win32
		{EA25143F-5552-49D7-9801-8BD02A256F98}.Release|Win32.Build.0 = Release|Win32
		{EA25143F-5552-49D7-9801-8BD02A256F98}.MinSizeRel|Win32.ActiveCfg = MinSizeRel|Win32
		{EA25143F-5552-49D7-9801-8BD02A256F98}.MinSizeRel|Win32.Build.0 = MinSizeRel|Win32
		{EA25143F-5552-49D7-9801-8BD02A256F98}.RelWithDebInfo|Win32.ActiveCfg = RelWithDebInfo|Win32
		{EA25143F-5552-49D7-9801-8BD02A256F98}.RelWithDebInfo|Win32.Build.0 = RelWithDebInfo|Win32
		{4E0DB0FC-486C-4BF0-8E30-FA23D9F22159}.Debug|Win32.ActiveCfg = Debug|Win32
		{4E0DB0FC-486C-4BF0-8E30-FA23D9F22159}.Debug|Win32.Build.0 = Debug|Win32
		{4E0DB0FC-486C-4BF0-8E30-FA23D9F22159}.Release|Win32.ActiveCfg = Release|Win32
		{4E0DB0FC-486C-4BF0-8E30-FA23D9F22159}.Release|Win32.Build.0 = Release|Win32
		{4E0DB0FC-486C-4BF0-8E30-FA23D9F22159}.MinSizeRel|Win32.ActiveCfg = MinSizeRel|Win32
		{4E0DB0FC-486C-4BF0-8E30-FA23D9F22159}.MinSizeRel|Win32.Build.0 = MinSizeRel|Win32
		{4E0DB0FC-486C-4BF0-8E30-FA23D9F22159}.RelWithDebInfo|Win32.ActiveCfg = RelWithDebInfo|Win32
		{4E0DB0FC-486C-4BF0-8E30-FA23D9F22159}.RelWithDebInfo|Win32.Build.0 = RelWithDebInfo|Win32
		{2F98DB75-DDED-4639-B458-AA04FDCAC145}.Debug|Win32.ActiveCfg = Debug|Win32
		{2F98DB75-DDED-4639-B458-AA04FDCAC145}.Debug|Win32.Build.0 = Debug|Win32
		{2F98DB75-DDED-4639-B458-AA04FDCAC145}.Release|Win32.ActiveCfg = Release|Win32
		{2F98DB75-DDED-4639-B458-AA04FDCAC145}.Release|Win32.Build.0 = Release|Win32
		{2F98DB75-DDED-4639-B458-AA04FDCAC145}.MinSizeRel|Win32.ActiveCfg = MinSizeRel|Win32
		{2F98DB75-DDED-4639-B458-AA04FDCAC145}.MinSizeRel|Win32.Build.0 = MinSizeRel|Win32
		{2F98DB75-DDED-4639-B458-AA04FDCAC145}.RelWithDebInfo|Win32.ActiveCfg = RelWithDebInfo|Win32
		{2F98DB75-DDED-4639-B458-AA04FDCAC145}.RelWithDebInfo|Win32.Build.0 = RelWithDebInfo|Win32
		{B68FCDDB-F0EC-4293-8821-6B90ADA295DF}.Debug|Win32.ActiveCfg = Debug|Win32
		{B68FCDDB-F0EC-4293-8821-6B90ADA295DF}.Debug|Win32.Build.0 = Debug|Win32
		{B68FCDDB-F0EC-4293-8821-6B90ADA295DF}.Release|Win32.ActiveCfg = Release|Win32
		{B68FCDDB-F0EC-4293-8821-6B90ADA295DF}.Release|Win32.Build.0 = Release|Win32
		{B68FCDDB-F0EC-4293-8821-6B90ADA295DF}.MinSizeRel|Win32.ActiveCfg = MinSizeRel|Win32
		{B68FCDDB-F0EC-4293-8821-6B90ADA295DF}.MinSizeRel|Win32.Build.0 = MinSizeRel|Win32
		{B68FCDDB-F0EC-4293-8821-6B90ADA295DF}.RelWithDebInfo|Win32.ActiveCfg = RelWithDebInfo|Win32
		{B68FCDDB-F0EC-4293-8821-6B90ADA295DF}.RelWithDebInfo|Win32.Build.0 = RelWithDebInfo|Win32
		{409D136D-6370-42A5-989B-5EBE6FE775CF}.Debug|Win32.ActiveCfg = Debug|Win32
		{409D136D-6370-42A5-989B-5EBE6FE775CF}.Debug|Win32.Build.0 = Debug|Win32
		{409D136D-6370-42A5-989B-5EBE6FE775CF}.Release|Win32.ActiveCfg = Release|Win32
		{409D136D-6370-42A5-989B-5EBE6FE775CF}.Release|Win32.Build.0 = Release|Win32
		{409D136D-6370-42A5-989B-5EBE6FE775CF}.MinSizeRel|Win32.ActiveCfg = MinSizeRel|Win32
		{409D136D-6370-42A5-989B-5EBE6FE775CF}.MinSizeRel|Win32.Build.0 = MinSizeRel|Win32
		{409D136D-6370-42A5-989B-5EBE6FE775CF}.RelWithDebInfo|Win32.ActiveCfg = RelWithDebInfo|Win32
		{409D136D-6370-42A5-989B-5EBE6FE775CF}.RelWithDebInfo|Win32.Build.0 = RelWithDebInfo|Win32
		{AB3599FE-F595-4C9D-81DA-5ED5F28D7D87}.Debug|Win32.ActiveCfg = Debug|Win32
		{AB3599FE-F595-4C9D-81DA-5ED5F28D7D87}.Debug|Win32.Build.0 = Debug|Win32
		{AB3599FE-F595-4C9D-81DA-5ED5F28D7D87}.Release|Win32.ActiveCfg = Release|Win32
		{AB3599FE-F595-4C9D-81DA-5ED5F28D7D87}.Release|Win32.Build.0 = Release|Win32
		{AB3599FE-F595-4C9D-81DA-5ED5F28D7D87}.MinSizeRel|Win32.ActiveCfg = MinSizeRel|Win32
		{AB3599FE-F595-4C9D-81DA-5ED5F28D7D87}.MinSizeRel|Win32.Build.0 = MinSizeRel|Win32
		{AB3599FE-F595-4C9D-81DA-5ED5F28D7D87}.RelWithDebInfo|Win32.ActiveCfg = RelWithDebInfo|Win32
		{AB3599FE-F595-4C9D-81DA-5ED5F28D7D87}.RelWithDebInfo|Win32.Build.0 = RelWithDebInfo|Win32
		{0BB5B06F-8217-40C4-96C0-EDF60589A566}.Debug|Win32.ActiveCfg = Debug|Win32
		{0BB5B06F-8217-40C4-96C0-EDF60589A566}.Debug|Win32.Build.0 = Debug|Win32
		{0BB5B06F-8217-40C4-96C0-EDF60589A566}.Release|Win32.ActiveCfg = Release|Win32
		{0BB5B06F-8217-40C4-96C0-EDF60589A566}.Release|Win32.Build.0 = Release|Win32
		{0BB5B06F-8217-40C4-96C0-EDF60589A566}.MinSizeRel|Win32.ActiveCfg = MinSizeRel|Win32
		{0BB5B06F-8217-40C4-96C0-EDF60589A566}.MinSizeRel|Win32.Build.0 = MinSizeRel|Win32
		{0BB5B06F-8217-40C4-96C0-EDF60589A566}.RelWithDebInfo|Win32.ActiveCfg = RelWithDebInfo|Win32
		{0BB5B06F-8217-40C4-96C0-EDF60589A566}.RelWithDebInfo|Win32.Build.0 = RelWithDebInfo|Win32
		{A84594CC-BA51-43A8-81BE-BB176717B500}.Debug|Win32.ActiveCfg = Debug|Win32
		{A84594CC-BA51-43A8-81BE-BB176717B500}.Debug|Win32.Build.0 = Debug|Win32
		{A84594CC-BA51-43A8-81BE-BB176717B500}.Release|Win32.ActiveCfg = Release|Win32
		{A84594CC-BA51-43A8-81BE-BB176717B500}.Release|Win32.Build.0 = Release|Win32
		{A84594CC-BA51-43A8-81BE-BB176717B500}.MinSizeRel|Win32.ActiveCfg = MinSizeRel|Win32
		{A84594CC-BA51-43A8-81BE-BB176717B500}.MinSizeRel|Win32.Build.0 = MinSizeRel|Win32
		{A84594CC-BA51-43A8-81BE-BB176717B500}.RelWithDebInfo|Win32.ActiveCfg = RelWithDebInfo|Win32
		{A84594CC-BA51-43A8-81BE-BB176717B500}.RelWithDebInfo|Win32.Build.0 = RelWithDebInfo|Win32
		{DE7B123F-9C81-4A2C-9E65-E6D2403C8826}.Debug|Win32.ActiveCfg = Debug|Win32
		{DE7B123F-9C81-4A2C-9E65-E6D2403C8826}.Debug|Win32.Build.0 = Debug|Win32
		{DE7B123F-9C81-4A2C-9E65-E6D2403C8826}.Release|Win32.ActiveCfg = Release|Win32
		{DE7B123F-9C81-4A2C-9E65-E6D2403C8826}.Release|Win32.Build.0 = Release|Win32
		{DE7B123F-9C81-4A2C-9E65-E6D2403C8826}.MinSizeRel|Win32.ActiveCfg = MinSizeRel|Win32
		{DE7B123F-9C81-4A2C-9E65-E6D2403C8826}.MinSizeRel|Win32.Build.0 = MinSizeRel|Win32
		{DE7B123F-9C81-4A2C-9E65-E6D2403C8826}.RelWithDebInfo|Win32.ActiveCfg = RelWithDebInfo|Win32
		{DE7B123F-9C81-4A2C-9E65-E6D2403C8826}.RelWithDebInfo|Win32.Build.0 = RelWithDebInfo|Win32
		{D29C9908-E8A3-4F80-B1D6-4AB70C2162E5}.Debug|Win32.ActiveCfg = Debug|Win32
		{D29C9908-E8A3-4F80-B1D6-4AB70C2162E5}.Debug|Win32.Build.0 = Debug|Win32
		{D29C9908-E8A3-4F80-B1D6-4AB70C2162E5}.Release|Win32.ActiveCfg = Release|Win32
		{D29C9908-E8A3-4F80-B1D6-4AB70C2162E5}.Release|Win32.Build.0 = Release|Win32
		{D29C9908-E8A3-4F80-B1D6-4AB70C2162E5}.MinSizeRel|Win32.ActiveCfg = MinSizeRel|Win32
		{D29C9908-E8A3-4F80-B1D6-4AB70C2162E5}.MinSizeRel|Win32.Build.0 = MinSizeRel|Win32
		{D29C9908-E8A3-4F80-B1D6-4AB70C2162E5}.RelWithDebInfo|Win32.ActiveCfg = RelWithDebInfo|Win32
		{D29C9908-E8A3-4F80-B1D6-4AB70C2162E5}.RelWithDebInfo|Win32.Build.0 = RelWithDebInfo|Win32
		{35F347D6-A36D-4E9E-B6B0-70FE79F696B1}.Debug|Win32.ActiveCfg = Debug|Win32
		{35F347D6-A36D-4E9E-B6B0-70FE79F696B1}.Debug|Win32.Build.0 = Debug|Win32
		{35F347D6-A36D-4E9E-B6B0-70FE79F696B1}.Release|Win32.ActiveCfg = Release|Win32
		{35F347D6-A36D-4E9E-B6B0-70FE79F696B1}.Release|Win32.Build.0 = Release|Win32
		{35F347D6-A36D-4E9E-B6B0-70FE79F696B1}.MinSizeRel|Win32.ActiveCfg = MinSizeRel|Win32
		{35F347D6-A36D-4E9E-B6B0-70FE79F696B1}.MinSizeRel|Win32.Build.0 = MinSizeRel|Win32
		{35F347D6-A36D-4E9E-B6B0-70FE79F696B1}.RelWithDebInfo|Win32.ActiveCfg = RelWithDebInfo|Win32
		{35F347D6-A36D-4E9E-B6B0-70FE79F696B1}.RelWithDebInfo|Win32.Build.0 = RelWithDebInfo|Win32
		{4A09EB3B-B7CD-4BE6-B0F7-2C3073F990F0}.Debug|Win32.ActiveCfg = Debug|Win32
		{4A09EB3B-B7CD-4BE6-B0F7-2C3073F990F0}.Debug|Win32.Build.0 = Debug|Win32
		{4A09EB3B-B7CD-4BE6-B0F7-2C3073F990F0}.Release|Win32.ActiveCfg = Release|Win32
		{4A09EB3B-B7CD-4BE6-B0F7-2C3073F990F0}.Release|Win32.Build.0 = Release|Win32
		{4A09EB3B-B7CD-4BE6-B0F7-2C3073F990F0}.MinSizeRel|Win32.ActiveCfg = MinSizeRel|Win32
		{4A09EB3B-B7CD-4BE6-B0F7-2C3073F990F0}.MinSizeRel|Win32.Build.0 = MinSizeRel|Win32
		{4A09EB3B-B7CD-4BE6-B0F7-2C3073F990F0}.RelWithDebInfo|Win32.ActiveCfg = RelWithDebInfo|Win32
		{4A09EB3B-B7CD-4BE6-B0F7-2C3073F990F0}.RelWithDebInfo|Win32.Build.0 = RelWithDebInfo|Win32
		{43288731-57BC-4C41-BE97-9E5F478A266A}.Debug|Win32.ActiveCfg = Debug|Win32
		{43288731-57BC-4C41-BE97-9E5F478A266A}.Debug|Win32.Build.0 = Debug|Win32
		{43288731-57BC-4C41-BE97-9E5F478A266A}.Release|Win32.ActiveCfg = Release|Win32
		{43288731-57BC-4C41-BE97-9E5F478A266A}.Release|Win32.Build.0 = Release|Win32
		{43288731-57BC-4C41-BE97-9E5F478A266A}.MinSizeRel|Win32.ActiveCfg = MinSizeRel|Win32
		{43288731-57BC-4C41-BE97-9E5F478A266A}.MinSizeRel|Win32.Build.0 = MinSizeRel|Win32
		{43288731-57BC-4C41-BE97-9E5F478A266A}.RelWithDebInfo|Win32.ActiveCfg = RelWithDebInfo|Win32
		{43288731-57BC-4C41-BE97-9E5F478A266A}.RelWithDebInfo|Win32.Build.0 = RelWithDebInfo|Win32
		{A439BB5C-555C-451F-A8DF-6A2F7DFFD649}.Debug|Win32.ActiveCfg = Debug|Win32
		{A439BB5C-555C-451F-A8DF-6A2F7DFFD649}.Debug|Win32.Build.0 = Debug|Win32
		{A439BB5C-555C-451F-A8DF-6A2F7DFFD649}.Release|Win32.ActiveCfg = Release|Win32
		{A439BB5C-555C-451F-A8DF-6A2F7DFFD649}.Release|Win32.Build.0 = Release|Win32
		{A439BB5C-555C-451F-A8DF-6A2F7DFFD649}.MinSizeRel|Win32.ActiveCfg = MinSizeRel|Win32
		{A439BB5C-555C-451F-A8DF-6A2F7DFFD649}.MinSizeRel|Win32.Build.0 = MinSizeRel|Win32
		{A439BB5C-555C-451F-A8DF-6A2F7DFFD649}.RelWithDebInfo|Win32.ActiveCfg = RelWithDebInfo|Win32
		{A439BB5C-555C-451F-A8DF-6A2F7DFFD649}.RelWithDebInfo|Win32.Build.0 = RelWithDebInfo|Win32
		{EED9156F-2F7A-43F4-9E6E-B8666C2FCFA4}.Debug|Win32.ActiveCfg = Debug|Win32
		{EED9156F-2F7A-43F4-9E6E-B8666C2FCFA4}.Debug|Win32.Build.0 = Debug|Win32
		{EED9156F-2F7A-43F4-9E6E-B8666C2FCFA4}.Release|Win32.ActiveCfg = Release|Win32
		{EED9156F-2F7A-43F4-9E6E-B8666C2FCFA4}.Release|Win32.Build.0 = Release|Win32
		{EED9156F-2F7A-43F4-9E6E-B8666C2FCFA4}.MinSizeRel|Win32.ActiveCfg = MinSizeRel|Win32
		{EED9156F-2F7A-43F4-9E6E-B8666C2FCFA4}.MinSizeRel|Win32.Build.0 = MinSizeRel|Win32
		{EED9156F-2F7A-43F4-9E6E-B8666C2FCFA4}.RelWithDebInfo|Win32.ActiveCfg = RelWithDebInfo|Win32
		{EED9156F-2F7A-43F4-9E6E-B8666C2FCFA4}.RelWithDebInfo|Win32.Build.0 = RelWithDebInfo|Win32
		{F45F563B-F420-436B-84C8-CEB951CC7736}.Debug|Win32.ActiveCfg = Debug|Win32
		{F45F563B-F420-436B-84C8-CEB951CC7736}.Debug|Win32.Build.0 = Debug|Win32
		{F45F563B-F420-436B-84C8-CEB951CC7736}.Release|Win32.ActiveCfg = Release|Win32
		{F45F563B-F420-436B-84C8-CEB951CC7736}.Release|Win32.Build.0 = Release|Win32
		{F45F563B-F420-436B-84C8-CEB951CC7736}.MinSizeRel|Win32.ActiveCfg = MinSizeRel|Win32
		{F45F563B-F420-436B-84C8-CEB951CC7736}.MinSizeRel|Win32.Build.0 = MinSizeRel|Win32
		{F45F563B-F420-436B-84C8-CEB951CC7736}.RelWithDebInfo|Win32.ActiveCfg = RelWithDebInfo|Win32
		{F45F563B-F420-436B-84C8-CEB951CC7736}.RelWithDebInfo|Win32.Build.0 = RelWithDebInfo|Win32
		{2A5AB3DC-AEC5-42E6-B2AC-120498127EDA}.Debug|Win32.ActiveCfg = Debug|Win32
		{2A5AB3DC-AEC5-42E6-B2AC-120498127EDA}.Debug|Win32.Build.0 = Debug|Win32
		{2A5AB3DC-AEC5-42E6-B2AC-120498127EDA}.Release|Win32.ActiveCfg = Release|Win32
		{2A5AB3DC-AEC5-42E6-B2AC-120498127EDA}.Release|Win32.Build.0 = Release|Win32
		{2A5AB3DC-AEC5-42E6-B2AC-120498127EDA}.MinSizeRel|Win32.ActiveCfg = MinSizeRel|Win32
		{2A5AB3DC-AEC5-42E6-B2AC-120498127EDA}.MinSizeRel|Win32.Build.0 = MinSizeRel|Win32
		{2A5AB3DC-AEC5-42E6-B2AC-120498127EDA}.RelWithDebInfo|Win32.ActiveCfg = RelWithDebInfo|Win32
		{2A5AB3DC-AEC5-42E6-B2AC-120498127EDA}.RelWithDebInfo|Win32.Build.0 = RelWithDebInfo|Win32
		{7DAEF8AB-5281-4CD1-80F9-C6B648EB0434}.Debug|Win32.ActiveCfg = Debug|Win32
		{7DAEF8AB-5281-4CD1-80F9-C6B648EB0434}.Debug|Win32.Build.0 = Debug|Win32
		{7DAEF8AB-5281-4CD1-80F9-C6B648EB0434}.Release|Win32.ActiveCfg = Release|Win32
		{7DAEF8AB-5281-4CD1-80F9-C6B648EB0434}.Release|Win32.Build.0 = Release|Win32
		{7DAEF8AB-5281-4CD1-80F9-C6B648EB0434}.MinSizeRel|Win32.ActiveCfg = MinSizeRel|Win32
		{7DAEF8AB-5281-4CD1-80F9-C6B648EB0434}.MinSizeRel|Win32.Build.0 = MinSizeRel|Win32
		{7DAEF8AB-5281-4CD1-80F9-C6B648EB0434}.RelWithDebInfo|Win32.ActiveCfg = RelWithDebInfo|Win32
		{7DAEF8AB-5281-4CD1-80F9-C6B648EB0434}.RelWithDebInfo|Win32.Build.0 = RelWithDebInfo|Win32
		{B1EFE7E2-F228-4AEF-9C09-764998FA053F}.Debug|Win32.ActiveCfg = Debug|Win32
		{B1EFE7E2-F228-4AEF-9C09-764998FA053F}.Debug|Win32.Build.0 = Debug|Win32
		{B1EFE7E2-F228-4AEF-9C09-764998FA053F}.Release|Win32.ActiveCfg = Release|Win32
		{B1EFE7E2-F228-4AEF-9C09-764998FA053F}.Release|Win32.Build.0 = Release|Win32
		{B1EFE7E2-F228-4AEF-9C09-764998FA053F}.MinSizeRel|Win32.ActiveCfg = MinSizeRel|Win32
		{B1EFE7E2-F228-4AEF-9C09-764998FA053F}.MinSizeRel|Win32.Build.0 = MinSizeRel|Win32
		{B1EFE7E2-F228-4AEF-9C09-764998FA053F}.RelWithDebInfo|Win32.ActiveCfg = RelWithDebInfo|Win32
		{B1EFE7E2-F228-4AEF-9C09-764998FA053F}.RelWithDebInfo|Win32.Build.0 = RelWithDebInfo|Win32
		{E7AD79D8-2F15-48EF-B510-9F00EC69D448}.Debug|Win32.ActiveCfg = Debug|Win32
		{E7AD79D8-2F15-48EF-B510-9F00EC69D448}.Debug|Win32.Build.0 = Debug|Win32
		{E7AD79D8-2F15-48EF-B510-9F00EC69D448}.Release|Win32.ActiveCfg = Release|Win32
		{E7AD79D8-2F15-48EF-B510-9F00EC69D448}.Release|Win32.Build.0 = Release|Win32
		{E7AD79D8-2F15-48EF-B510-9F00EC69D448}.MinSizeRel|Win32.ActiveCfg = MinSizeRel|Win32
		{E7AD79D8-2F15-48EF-B510-9F00EC69D448}.MinSizeRel|Win32.Build.0 = MinSizeRel|Win32
		{E7AD79D8-2F15-48EF-B510-9F00EC69D448}.RelWithDebInfo|Win32.ActiveCfg = RelWithDebInfo|Win32
		{E7AD79D8-2F15-48EF-B510-9F00EC69D448}.RelWithDebInfo|Win32.Build.0 = RelWithDebInfo|Win32
		{8DE23932-20CE-4A38-9235-B19F712D4F91}.Debug|Win32.ActiveCfg = Debug|Win32
		{8DE23932-20CE-4A38-9235-B19F712D4F91}.Debug|Win32.Build.0 = Debug|Win32
		{8DE23932-20CE-4A38-9235-B19F712D4F91}.Release|Win32.ActiveCfg = Release|Win32
		{8DE23932-20CE-4A38-9235-B19F712D4F91}.Release|Win32.Build.0 = Release|Win32
		{8DE23932-20CE-4A38-9235-B19F712D4F91}.MinSizeRel|Win32.ActiveCfg = MinSizeRel|Win32
		{8DE23932-20CE-4A38-9235-B19F712D4F91}.MinSizeRel|Win32.Build.0 = MinSizeRel|Win32
		{8DE23932-20CE-4A38-9235-B19F712D4F91}.RelWithDebInfo|Win32.ActiveCfg = RelWithDebInfo|Win32
		{8DE23932-20CE-4A38-9235-B19F712D4F91}.RelWithDebInfo|Win32.Build.0 = RelWithDebInfo|Win32
		{EB287E0C-908D-4387-9E93-C88E0676E5B5}.Debug|Win32.ActiveCfg = Debug|Win32
		{EB287E0C-908D-4387-9E93-C88E0676E5B5}.Debug|Win32.Build.0 = Debug|Win32
		{EB287E0C-908D-4387-9E93-C88E0676E5B5}.Release|Win32.ActiveCfg = Release|Win32
		{EB287E0C-908D-4387-9E93-C88E0676E5B5}.Release|Win32.Build.0 = Release|Win32
		{EB287E0C-908D-4387-9E93-C88E0676E5B5}.MinSizeRel|Win32.ActiveCfg = MinSizeRel|Win32
		{EB287E0C-908D-4387-9E93-C88E0676E5B5}.MinSizeRel|Win32.Build.0 = MinSizeRel|Win32
		{EB287E0C-908D-4387-9E93-C88E0676E5B5}.RelWithDebInfo|Win32.ActiveCfg = RelWithDebInfo|Win32
		{EB287E0C-908D-4387-9E93-C88E0676E5B5}.RelWithDebInfo|Win32.Build.0 = RelWithDebInfo|Win32
		{6B3965C3-3D09-4CF9-9E3D-1598E5AB9240}.Debug|Win32.ActiveCfg = Debug|Win32
		{6B3965C3-3D09-4CF9-9E3D-1598E5AB9240}.Debug|Win32.Build.0 = Debug|Win32
		{6B3965C3-3D09-4CF9-9E3D-1598E5AB9240}.Release|Win32.ActiveCfg = Release|Win32
		{6B3965C3-3D09-4CF9-9E3D-1598E5AB9240}.Release|Win32.Build.0 = Release|Win32
		{6B3965C3-3D09-4CF9-9E3D-1598E5AB9240}.MinSizeRel|Win32.ActiveCfg = MinSizeRel|Win32
		{6B3965C3-3D09-4CF9-9E3D-1598E5AB9240}.MinSizeRel|Win32.Build.0 = MinSizeRel|Win32
		{6B3965C3-3D09-4CF9-9E3D-1598E5AB9240}.RelWithDebInfo|Win32.ActiveCfg = RelWithDebInfo|Win32
		{6B3965C3-3D09-4CF9-9E3D-1598E5AB9240}.RelWithDebInfo|Win32.Build.0 = RelWithDebInfo|Win32
		{347CCF0A-1E05-40FF-9ABA-539BF104527C}.Debug|Win32.ActiveCfg = Debug|Win32
		{347CCF0A-1E05-40FF-9ABA-539BF104527C}.Debug|Win32.Build.0 = Debug|Win32
		{347CCF0A-1E05-40FF-9ABA-539BF104527C}.Release|Win32.ActiveCfg = Release|Win32
		{347CCF0A-1E05-40FF-9ABA-539BF104527C}.Release|Win32.Build.0 = Release|Win32
		{347CCF0A-1E05-40FF-9ABA-539BF104527C}.MinSizeRel|Win32.ActiveCfg = MinSizeRel|Win32
		{347CCF0A-1E05-40FF-9ABA-539BF104527C}.MinSizeRel|Win32.Build.0 = MinSizeRel|Win32
		{347CCF0A-1E05-40FF-9ABA-539BF104527C}.RelWithDebInfo|Win32.ActiveCfg = RelWithDebInfo|Win32
		{347CCF0A-1E05-40FF-9ABA-539BF104527C}.RelWithDebInfo|Win32.Build.0 = RelWithDebInfo|Win32
		{E0C44555-0FB0-4B26-84C8-69DE09B83DDA}.Debug|Win32.ActiveCfg = Debug|Win32
		{E0C44555-0FB0-4B26-84C8-69DE09B83DDA}.Debug|Win32.Build.0 = Debug|Win32
		{E0C44555-0FB0-4B26-84C8-69DE09B83DDA}.Release|Win32.ActiveCfg = Release|Win32
		{E0C44555-0FB0-4B26-84C8-69DE09B83DDA}.Release|Win32.Build.0 = Release|Win32
		{E0C44555-0FB0-4B26-84C8-69DE09B83DDA}.MinSizeRel|Win32.ActiveCfg = MinSizeRel|Win32
		{E0C44555-0FB0-4B26-84C8-69DE09B83DDA}.MinSizeRel|Win32.Build.0 = MinSizeRel|Win32
		{E0C44555-0FB0-4B26-84C8-69DE09B83DDA}.RelWithDebInfo|Win32.ActiveCfg = RelWithDebInfo|Win32
		{E0C44555-0FB0-4B26-84C8-69DE09B83DDA}.RelWithDebInfo|Win32.Build.0 = RelWithDebInfo|Win32
		{DADEA716-5697-4062-AB89-4D1BFD1CEA38}.Debug|Win32.ActiveCfg = Debug|Win32
		{DADEA716-5697-4062-AB89-4D1BFD1CEA38}.Debug|Win32.Build.0 = Debug|Win32
		{DADEA716-5697-4062-AB89-4D1BFD1CEA38}.Release|Win32.ActiveCfg = Release|Win32
		{DADEA716-5697-4062-AB89-4D1BFD1CEA38}.Release|Win32.Build.0 = Release|Win32
		{DADEA716-5697-4062-AB89-4D1BFD1CEA38}.MinSizeRel|Win32.ActiveCfg = MinSizeRel|Win32
		{DADEA716-5697-4062-AB89-4D1BFD1CEA38}.MinSizeRel|Win32.Build.0 = MinSizeRel|Win32
		{DADEA716-5697-4062-AB89-4D1BFD1CEA38}.RelWithDebInfo|Win32.ActiveCfg = RelWithDebInfo|Win32
		{DADEA716-5697-4062-AB89-4D1BFD1CEA38}.RelWithDebInfo|Win32.Build.0 = RelWithDebInfo|Win32
		{57EFC6E6-5972-4E3F-B780-DD7E52184C25}.Debug|Win32.ActiveCfg = Debug|Win32
		{57EFC6E6-5972-4E3F-B780-DD7E52184C25}.Debug|Win32.Build.0 = Debug|Win32
		{57EFC6E6-5972-4E3F-B780-DD7E52184C25}.Release|Win32.ActiveCfg = Release|Win32
		{57EFC6E6-5972-4E3F-B780-DD7E52184C25}.Release|Win32.Build.0 = Release|Win32
		{57EFC6E6-5972-4E3F-B780-DD7E52184C25}.MinSizeRel|Win32.ActiveCfg = MinSizeRel|Win32
		{57EFC6E6-5972-4E3F-B780-DD7E52184C25}.MinSizeRel|Win32.Build.0 = MinSizeRel|Win32
		{57EFC6E6-5972-4E3F-B780-DD7E52184C25}.RelWithDebInfo|Win32.ActiveCfg = RelWithDebInfo|Win32
		{57EFC6E6-5972-4E3F-B780-DD7E52184C25}.RelWithDebInfo|Win32.Build.0 = RelWithDebInfo|Win32
		{948A39E2-B689-491E-B071-82548FC6FDF5}.Debug|Win32.ActiveCfg = Debug|Win32
		{948A39E2-B689-491E-B071-82548FC6FDF5}.Debug|Win32.Build.0 = Debug|Win32
		{948A39E2-B689-491E-B071-82548FC6FDF5}.Release|Win32.ActiveCfg = Release|Win32
		{948A39E2-B689-491E-B071-82548FC6FDF5}.Release|Win32.Build.0 = Release|Win32
		{948A39E2-B689-491E-B071-82548FC6FDF5}.MinSizeRel|Win32.ActiveCfg = MinSizeRel|Win32
		{948A39E2-B689-491E-B071-82548FC6FDF5}.MinSizeRel|Win32.Build.0 = MinSizeRel|Win32
		{948A39E2-B689-491E-B071-82548FC6FDF5}.RelWithDebInfo|Win32.ActiveCfg = RelWithDebInfo|Win32
		{948A39E2-B689-491E-B071-82548FC6FDF5}.RelWithDebInfo|Win32.Build.0 = RelWithDebInfo|Win32
		{ABD7465F-459B-490B-8590-62E466E71E95}.Debug|Win32.ActiveCfg = Debug|Win32
		{ABD7465F-459B-490B-8590-62E466E71E95}.Debug|Win32.Build.0 = Debug|Win32
		{ABD7465F-459B-490B-8590-62E466E71E95}.Release|Win32.ActiveCfg = Release|Win32
		{ABD7465F-459B-490B-8590-62E466E71E95}.Release|Win32.Build.0 = Release|Win32
		{ABD7465F-459B-490B-8590-62E466E71E95}.MinSizeRel|Win32.ActiveCfg = MinSizeRel|Win32
		{ABD7465F-459B-490B-8590-62E466E71E95}.MinSizeRel|Win32.Build.0 = MinSizeRel|Win32
		{ABD7465F-459B-490B-8590-62E466E71E95}.RelWithDebInfo|Win32.ActiveCfg = RelWithDebInfo|Win32
		{ABD7465F-459B-490B-8590-62E466E71E95}.RelWithDebInfo|Win32.Build.0 = RelWithDebInfo|Win32
		{3F630CE5-3B5B-4B4C-9AAD-675BC1919A34}.Debug|Win32.ActiveCfg = Debug|Win32
		{3F630CE5-3B5B-4B4C-9AAD-675BC1919A34}.Debug|Win32.Build.0 = Debug|Win32
		{3F630CE5-3B5B-4B4C-9AAD-675BC1919A34}.Release|Win32.ActiveCfg = Release|Win32
		{3F630CE5-3B5B-4B4C-9AAD-675BC1919A34}.Release|Win32.Build.0 = Release|Win32
		{3F630CE5-3B5B-4B4C-9AAD-675BC1919A34}.MinSizeRel|Win32.ActiveCfg = MinSizeRel|Win32
		{3F630CE5-3B5B-4B4C-9AAD-675BC1919A34}.MinSizeRel|Win32.Build.0 = MinSizeRel|Win32
		{3F630CE5-3B5B-4B4C-9AAD-675BC1919A34}.RelWithDebInfo|Win32.ActiveCfg = RelWithDebInfo|Win32
		{3F630CE5-3B5B-4B4C-9AAD-675BC1919A34}.RelWithDebInfo|Win32.Build.0 = RelWithDebInfo|Win32
		{FB4F93B3-D171-401A-89DD-0BCB21A35975}.Debug|Win32.ActiveCfg = Debug|Win32
		{FB4F93B3-D171-401A-89DD-0BCB21A35975}.Debug|Win32.Build.0 = Debug|Win32
		{FB4F93B3-D171-401A-89DD-0BCB21A35975}.Release|Win32.ActiveCfg = Release|Win32
		{FB4F93B3-D171-401A-89DD-0BCB21A35975}.Release|Win32.Build.0 = Release|Win32
		{FB4F93B3-D171-401A-89DD-0BCB21A35975}.MinSizeRel|Win32.ActiveCfg = MinSizeRel|Win32
		{FB4F93B3-D171-401A-89DD-0BCB21A35975}.MinSizeRel|Win32.Build.0 = MinSizeRel|Win32
		{FB4F93B3-D171-401A-89DD-0BCB21A35975}.RelWithDebInfo|Win32.ActiveCfg = RelWithDebInfo|Win32
		{FB4F93B3-D171-401A-89DD-0BCB21A35975}.RelWithDebInfo|Win32.Build.0 = RelWithDebInfo|Win32
		{7BFF7261-040F-44A4-A44B-0E4B640EFFF1}.Debug|Win32.ActiveCfg = Debug|Win32
		{7BFF7261-040F-44A4-A44B-0E4B640EFFF1}.Debug|Win32.Build.0 = Debug|Win32
		{7BFF7261-040F-44A4-A44B-0E4B640EFFF1}.Release|Win32.ActiveCfg = Release|Win32
		{7BFF7261-040F-44A4-A44B-0E4B640EFFF1}.Release|Win32.Build.0 = Release|Win32
		{7BFF7261-040F-44A4-A44B-0E4B640EFFF1}.MinSizeRel|Win32.ActiveCfg = MinSizeRel|Win32
		{7BFF7261-040F-44A4-A44B-0E4B640EFFF1}.MinSizeRel|Win32.Build.0 = MinSizeRel|Win32
		{7BFF7261-040F-44A4-A44B-0E4B640EFFF1}.RelWithDebInfo|Win32.ActiveCfg = RelWithDebInfo|Win32
		{7BFF7261-040F-44A4-A44B-0E4B640EFFF1}.RelWithDebInfo|Win32.Build.0 = RelWithDebInfo|Win32
		{2E7C7FBF-181A-4E57-A2C2-C56FC9B05C9A}.Debug|Win32.ActiveCfg = Debug|Win32
		{2E7C7FBF-181A-4E57-A2C2-C56FC9B05C9A}.Debug|Win32.Build.0 = Debug|Win32
		{2E7C7FBF-181A-4E57-A2C2-C56FC9B05C9A}.Release|Win32.ActiveCfg = Release|Win32
		{2E7C7FBF-181A-4E57-A2C2-C56FC9B05C9A}.Release|Win32.Build.0 = Release|Win32
		{2E7C7FBF-181A-4E57-A2C2-C56FC9B05C9A}.MinSizeRel|Win32.ActiveCfg = MinSizeRel|Win32
		{2E7C7FBF-181A-4E57-A2C2-C56FC9B05C9A}.MinSizeRel|Win32.Build.0 = MinSizeRel|Win32
		{2E7C7FBF-181A-4E57-A2C2-C56FC9B05C9A}.RelWithDebInfo|Win32.ActiveCfg = RelWithDebInfo|Win32
		{2E7C7FBF-181A-4E57-A2C2-C56FC9B05C9A}.RelWithDebInfo|Win32.Build.0 = RelWithDebInfo|Win32
		{E5DA6BD3-6A92-47EC-866A-9A5CCC7BC580}.Debug|Win32.ActiveCfg = Debug|Win32
		{E5DA6BD3-6A92-47EC-866A-9A5CCC7BC580}.Debug|Win32.Build.0 = Debug|Win32
		{E5DA6BD3-6A92-47EC-866A-9A5CCC7BC580}.Release|Win32.ActiveCfg = Release|Win32
		{E5DA6BD3-6A92-47EC-866A-9A5CCC7BC580}.Release|Win32.Build.0 = Release|Win32
		{E5DA6BD3-6A92-47EC-866A-9A5CCC7BC580}.MinSizeRel|Win32.ActiveCfg = MinSizeRel|Win32
		{E5DA6BD3-6A92-47EC-866A-9A5CCC7BC580}.MinSizeRel|Win32.Build.0 = MinSizeRel|Win32
		{E5DA6BD3-6A92-47EC-866A-9A5CCC7BC580}.RelWithDebInfo|Win32.ActiveCfg = RelWithDebInfo|Win32
		{E5DA6BD3-6A92-47EC-866A-9A5CCC7BC580}.RelWithDebInfo|Win32.Build.0 = RelWithDebInfo|Win32
		{C2428790-F613-4AC8-802A-C76FF15DCE8C}.Debug|Win32.ActiveCfg = Debug|Win32
		{C2428790-F613-4AC8-802A-C76FF15DCE8C}.Debug|Win32.Build.0 = Debug|Win32
		{C2428790-F613-4AC8-802A-C76FF15DCE8C}.Release|Win32.ActiveCfg = Release|Win32
		{C2428790-F613-4AC8-802A-C76FF15DCE8C}.Release|Win32.Build.0 = Release|Win32
		{C2428790-F613-4AC8-802A-C76FF15DCE8C}.MinSizeRel|Win32.ActiveCfg = MinSizeRel|Win32
		{C2428790-F613-4AC8-802A-C76FF15DCE8C}.MinSizeRel|Win32.Build.0 = MinSizeRel|Win32
		{C2428790-F613-4AC8-802A-C76FF15DCE8C}.RelWithDebInfo|Win32.ActiveCfg = RelWithDebInfo|Win32
		{C2428790-F613-4AC8-802A-C76FF15DCE8C}.RelWithDebInfo|Win32.Build.0 = RelWithDebInfo|Win32
		{39394163-CBBE-439A-A0EB-C5C00C57B703}.Debug|Win32.ActiveCfg = Debug|Win32
		{39394163-CBBE-439A-A0EB-C5C00C57B703}.Debug|Win32.Build.0 = Debug|Win32
		{39394163-CBBE-439A-A0EB-C5C00C57B703}.Release|Win32.ActiveCfg = Release|Win32
		{39394163-CBBE-439A-A0EB-C5C00C57B703}.Release|Win32.Build.0 = Release|Win32
		{39394163-CBBE-439A-A0EB-C5C00C57B703}.MinSizeRel|Win32.ActiveCfg = MinSizeRel|Win32
		{39394163-CBBE-439A-A0EB-C5C00C57B703}.MinSizeRel|Win32.Build.0 = MinSizeRel|Win32
		{39394163-CBBE-439A-A0EB-C5C00C57B703}.RelWithDebInfo|Win32.ActiveCfg = RelWithDebInfo|Win32
		{39394163-CBBE-439A-A0EB-C5C00C57B703}.RelWithDebInfo|Win32.Build.0 = RelWithDebInfo|Win32
		{E1DAD63A-FB29-480B-ABA4-92C063DBE804}.Debug|Win32.ActiveCfg = Debug|Win32
		{E1DAD63A-FB29-480B-ABA4-92C063DBE804}.Debug|Win32.Build.0 = Debug|Win32
		{E1DAD63A-FB29-480B-ABA4-92C063DBE804}.Release|Win32.ActiveCfg = Release|Win32
		{E1DAD63A-FB29-480B-ABA4-92C063DBE804}.Release|Win32.Build.0 = Release|Win32
		{E1DAD63A-FB29-480B-ABA4-92C063DBE804}.MinSizeRel|Win32.ActiveCfg = MinSizeRel|Win32
		{E1DAD63A-FB29-480B-ABA4-92C063DBE804}.MinSizeRel|Win32.Build.0 = MinSizeRel|Win32
		{E1DAD63A-FB29-480B-ABA4-92C063DBE804}.RelWithDebInfo|Win32.ActiveCfg = RelWithDebInfo|Win32
		{E1DAD63A-FB29-480B-ABA4-92C063DBE804}.RelWithDebInfo|Win32.Build.0 = RelWithDebInfo|Win32
		{BC8782F4-05A2-4F35-AFFD-395AD51EB820}.Debug|Win32.ActiveCfg = Debug|Win32
		{BC8782F4-05A2-4F35-AFFD-395AD51EB820}.Debug|Win32.Build.0 = Debug|Win32
		{BC8782F4-05A2-4F35-AFFD-395AD51EB820}.Release|Win32.ActiveCfg = Release|Win32
		{BC8782F4-05A2-4F35-AFFD-395AD51EB820}.Release|Win32.Build.0 = Release|Win32
		{BC8782F4-05A2-4F35-AFFD-395AD51EB820}.MinSizeRel|Win32.ActiveCfg = MinSizeRel|Win32
		{BC8782F4-05A2-4F35-AFFD-395AD51EB820}.MinSizeRel|Win32.Build.0 = MinSizeRel|Win32
		{BC8782F4-05A2-4F35-AFFD-395AD51EB820}.RelWithDebInfo|Win32.ActiveCfg = RelWithDebInfo|Win32
		{BC8782F4-05A2-4F35-AFFD-395AD51EB820}.RelWithDebInfo|Win32.Build.0 = RelWithDebInfo|Win32
		{0FF4A41A-C915-40AC-9E5A-1F7722F89C8E}.Debug|Win32.ActiveCfg = Debug|Win32
		{0FF4A41A-C915-40AC-9E5A-1F7722F89C8E}.Debug|Win32.Build.0 = Debug|Win32
		{0FF4A41A-C915-40AC-9E5A-1F7722F89C8E}.Release|Win32.ActiveCfg = Release|Win32
		{0FF4A41A-C915-40AC-9E5A-1F7722F89C8E}.Release|Win32.Build.0 = Release|Win32
		{0FF4A41A-C915-40AC-9E5A-1F7722F89C8E}.MinSizeRel|Win32.ActiveCfg = MinSizeRel|Win32
		{0FF4A41A-C915-40AC-9E5A-1F7722F89C8E}.MinSizeRel|Win32.Build.0 = MinSizeRel|Win32
		{0FF4A41A-C915-40AC-9E5A-1F7722F89C8E}.RelWithDebInfo|Win32.ActiveCfg = RelWithDebInfo|Win32
		{0FF4A41A-C915-40AC-9E5A-1F7722F89C8E}.RelWithDebInfo|Win32.Build.0 = RelWithDebInfo|Win32
		{4A3615EC-DBC6-465C-A69B-B5DEB22574A3}.Debug|Win32.ActiveCfg = Debug|Win32
		{4A3615EC-DBC6-465C-A69B-B5DEB22574A3}.Debug|Win32.Build.0 = Debug|Win32
		{4A3615EC-DBC6-465C-A69B-B5DEB22574A3}.Release|Win32.ActiveCfg = Release|Win32
		{4A3615EC-DBC6-465C-A69B-B5DEB22574A3}.Release|Win32.Build.0 = Release|Win32
		{4A3615EC-DBC6-465C-A69B-B5DEB22574A3}.MinSizeRel|Win32.ActiveCfg = MinSizeRel|Win32
		{4A3615EC-DBC6-465C-A69B-B5DEB22574A3}.MinSizeRel|Win32.Build.0 = MinSizeRel|Win32
		{4A3615EC-DBC6-465C-A69B-B5DEB22574A3}.RelWithDebInfo|Win32.ActiveCfg = RelWithDebInfo|Win32
		{4A3615EC-DBC6-465C-A69B-B5DEB22574A3}.RelWithDebInfo|Win32.Build.0 = RelWithDebInfo|Win32
		{E2E4B2C1-5F72-4250-B7D0-D45434AD3A3A}.Debug|Win32.ActiveCfg = Debug|Win32
		{E2E4B2C1-5F72-4250-B7D0-D45434AD3A3A}.Debug|Win32.Build.0 = Debug|Win32
		{E2E4B2C1-5F72-4250-B7D0-D45434AD3A3A}.Release|Win32.ActiveCfg = Release|Win32
		{E2E4B2C1-5F72-4250-B7D0-D45434AD3A3A}.Release|Win32.Build.0 = Release|Win32
		{E2E4B2C1-5F72-4250-B7D0-D45434AD3A3A}.MinSizeRel|Win32.ActiveCfg = MinSizeRel|Win32
		{E2E4B2C1-5F72-4250-B7D0-D45434AD3A3A}.MinSizeRel|Win32.Build.0 = MinSizeRel|Win32
		{E2E4B2C1-5F72-4250-B7D0-D45434AD3A3A}.RelWithDebInfo|Win32.ActiveCfg = RelWithDebInfo|Win32
		{E2E4B2C1-5F72-4250-B7D0-D45434AD3A3A}.RelWithDebInfo|Win32.Build.0 = RelWithDebInfo|Win32
	EndGlobalSection
	GlobalSection(ExtensibilityGlobals) = postSolution
	EndGlobalSection
	GlobalSection(ExtensibilityAddIns) = postSolution
	EndGlobalSection
EndGlobal
