Microsoft Visual Studio Solution File, Format Version 11.00
# Visual Studio 2010
Project("{8BC9CEB8-8B4A-11D0-8D11-00A0C91BC942}") = "ALL_BUILD", "ALL_BUILD.vcxproj", "{79F2BFA6-CEB2-4C3D-A4F0-8E19E8063FAC}"
	ProjectSection(ProjectDependencies) = postProject
		{16E4FAA7-714D-4E1B-9AAE-D8A2C3B70161} = {16E4FAA7-714D-4E1B-9AAE-D8A2C3B70161}
		{92CAD35C-C49A-4A24-A2E0-994069627BF9} = {92CAD35C-C49A-4A24-A2E0-994069627BF9}
		{A93B33E8-1401-4066-938E-16962114EC12} = {A93B33E8-1401-4066-938E-16962114EC12}
		{D3C0F9E3-48B4-4F0D-8D2C-0A5F1AA5DDD8} = {D3C0F9E3-48B4-4F0D-8D2C-0A5F1AA5DDD8}
		{1648723A-B8B3-4329-9155-A63851011569} = {1648723A-B8B3-4329-9155-A63851011569}
	EndProjectSection
EndProject
Project("{8BC9CEB8-8B4A-11D0-8D11-00A0C91BC942}") = "INSTALL", "INSTALL.vcxproj", "{EEFAC7F2-8756-4DC8-91B2-1B2159111298}"
	ProjectSection(ProjectDependencies) = postProject
		{79F2BFA6-CEB2-4C3D-A4F0-8E19E8063FAC} = {79F2BFA6-CEB2-4C3D-A4F0-8E19E8063FAC}
	EndProjectSection
EndProject
Project("{8BC9CEB8-8B4A-11D0-8D11-00A0C91BC942}") = "RUN_TESTS", "RUN_TESTS.vcxproj", "{2680884B-7DB3-4758-A699-EE6B4D4033E3}"
	ProjectSection(ProjectDependencies) = postProject
	EndProjectSection
EndProject
Project("{8BC9CEB8-8B4A-11D0-8D11-00A0C91BC942}") = "ZERO_CHECK", "ZERO_CHECK.vcxproj", "{16E4FAA7-714D-4E1B-9AAE-D8A2C3B70161}"
	ProjectSection(ProjectDependencies) = postProject
	EndProjectSection
EndProject
Project("{8BC9CEB8-8B4A-11D0-8D11-00A0C91BC942}") = "png15", "png15.vcxproj", "{92CAD35C-C49A-4A24-A2E0-994069627BF9}"
	ProjectSection(ProjectDependencies) = postProject
		{16E4FAA7-714D-4E1B-9AAE-D8A2C3B70161} = {16E4FAA7-714D-4E1B-9AAE-D8A2C3B70161}
	EndProjectSection
EndProject
Project("{8BC9CEB8-8B4A-11D0-8D11-00A0C91BC942}") = "png15_static", "png15_static.vcxproj", "{A93B33E8-1401-4066-938E-16962114EC12}"
	ProjectSection(ProjectDependencies) = postProject
		{16E4FAA7-714D-4E1B-9AAE-D8A2C3B70161} = {16E4FAA7-714D-4E1B-9AAE-D8A2C3B70161}
	EndProjectSection
EndProject
Project("{8BC9CEB8-8B4A-11D0-8D11-00A0C91BC942}") = "pngtest", "pngtest.vcxproj", "{D3C0F9E3-48B4-4F0D-8D2C-0A5F1AA5DDD8}"
	ProjectSection(ProjectDependencies) = postProject
		{16E4FAA7-714D-4E1B-9AAE-D8A2C3B70161} = {16E4FAA7-714D-4E1B-9AAE-D8A2C3B70161}
		{92CAD35C-C49A-4A24-A2E0-994069627BF9} = {92CAD35C-C49A-4A24-A2E0-994069627BF9}
	EndProjectSection
EndProject
Project("{8BC9CEB8-8B4A-11D0-8D11-00A0C91BC942}") = "pngvalid", "pngvalid.vcxproj", "{1648723A-B8B3-4329-9155-A63851011569}"
	ProjectSection(ProjectDependencies) = postProject
		{16E4FAA7-714D-4E1B-9AAE-D8A2C3B70161} = {16E4FAA7-714D-4E1B-9AAE-D8A2C3B70161}
		{92CAD35C-C49A-4A24-A2E0-994069627BF9} = {92CAD35C-C49A-4A24-A2E0-994069627BF9}
	EndProjectSection
EndProject
Global
	GlobalSection(SolutionConfigurationPlatforms) = preSolution
		Debug|Win32 = Debug|Win32
		Release|Win32 = Release|Win32
		MinSizeRel|Win32 = MinSizeRel|Win32
		RelWithDebInfo|Win32 = RelWithDebInfo|Win32
	EndGlobalSection
	GlobalSection(ProjectConfigurationPlatforms) = postSolution
		{79F2BFA6-CEB2-4C3D-A4F0-8E19E8063FAC}.Debug|Win32.ActiveCfg = Debug|Win32
		{79F2BFA6-CEB2-4C3D-A4F0-8E19E8063FAC}.Debug|Win32.Build.0 = Debug|Win32
		{79F2BFA6-CEB2-4C3D-A4F0-8E19E8063FAC}.Release|Win32.ActiveCfg = Release|Win32
		{79F2BFA6-CEB2-4C3D-A4F0-8E19E8063FAC}.Release|Win32.Build.0 = Release|Win32
		{79F2BFA6-CEB2-4C3D-A4F0-8E19E8063FAC}.MinSizeRel|Win32.ActiveCfg = MinSizeRel|Win32
		{79F2BFA6-CEB2-4C3D-A4F0-8E19E8063FAC}.MinSizeRel|Win32.Build.0 = MinSizeRel|Win32
		{79F2BFA6-CEB2-4C3D-A4F0-8E19E8063FAC}.RelWithDebInfo|Win32.ActiveCfg = RelWithDebInfo|Win32
		{79F2BFA6-CEB2-4C3D-A4F0-8E19E8063FAC}.RelWithDebInfo|Win32.Build.0 = RelWithDebInfo|Win32
		{EEFAC7F2-8756-4DC8-91B2-1B2159111298}.Debug|Win32.ActiveCfg = Debug|Win32
		{EEFAC7F2-8756-4DC8-91B2-1B2159111298}.Release|Win32.ActiveCfg = Release|Win32
		{EEFAC7F2-8756-4DC8-91B2-1B2159111298}.MinSizeRel|Win32.ActiveCfg = MinSizeRel|Win32
		{EEFAC7F2-8756-4DC8-91B2-1B2159111298}.RelWithDebInfo|Win32.ActiveCfg = RelWithDebInfo|Win32
		{2680884B-7DB3-4758-A699-EE6B4D4033E3}.Debug|Win32.ActiveCfg = Debug|Win32
		{2680884B-7DB3-4758-A699-EE6B4D4033E3}.Release|Win32.ActiveCfg = Release|Win32
		{2680884B-7DB3-4758-A699-EE6B4D4033E3}.MinSizeRel|Win32.ActiveCfg = MinSizeRel|Win32
		{2680884B-7DB3-4758-A699-EE6B4D4033E3}.RelWithDebInfo|Win32.ActiveCfg = RelWithDebInfo|Win32
		{16E4FAA7-714D-4E1B-9AAE-D8A2C3B70161}.Debug|Win32.ActiveCfg = Debug|Win32
		{16E4FAA7-714D-4E1B-9AAE-D8A2C3B70161}.Debug|Win32.Build.0 = Debug|Win32
		{16E4FAA7-714D-4E1B-9AAE-D8A2C3B70161}.Release|Win32.ActiveCfg = Release|Win32
		{16E4FAA7-714D-4E1B-9AAE-D8A2C3B70161}.Release|Win32.Build.0 = Release|Win32
		{16E4FAA7-714D-4E1B-9AAE-D8A2C3B70161}.MinSizeRel|Win32.ActiveCfg = MinSizeRel|Win32
		{16E4FAA7-714D-4E1B-9AAE-D8A2C3B70161}.MinSizeRel|Win32.Build.0 = MinSizeRel|Win32
		{16E4FAA7-714D-4E1B-9AAE-D8A2C3B70161}.RelWithDebInfo|Win32.ActiveCfg = RelWithDebInfo|Win32
		{16E4FAA7-714D-4E1B-9AAE-D8A2C3B70161}.RelWithDebInfo|Win32.Build.0 = RelWithDebInfo|Win32
		{92CAD35C-C49A-4A24-A2E0-994069627BF9}.Debug|Win32.ActiveCfg = Debug|Win32
		{92CAD35C-C49A-4A24-A2E0-994069627BF9}.Debug|Win32.Build.0 = Debug|Win32
		{92CAD35C-C49A-4A24-A2E0-994069627BF9}.Release|Win32.ActiveCfg = Release|Win32
		{92CAD35C-C49A-4A24-A2E0-994069627BF9}.Release|Win32.Build.0 = Release|Win32
		{92CAD35C-C49A-4A24-A2E0-994069627BF9}.MinSizeRel|Win32.ActiveCfg = MinSizeRel|Win32
		{92CAD35C-C49A-4A24-A2E0-994069627BF9}.MinSizeRel|Win32.Build.0 = MinSizeRel|Win32
		{92CAD35C-C49A-4A24-A2E0-994069627BF9}.RelWithDebInfo|Win32.ActiveCfg = RelWithDebInfo|Win32
		{92CAD35C-C49A-4A24-A2E0-994069627BF9}.RelWithDebInfo|Win32.Build.0 = RelWithDebInfo|Win32
		{A93B33E8-1401-4066-938E-16962114EC12}.Debug|Win32.ActiveCfg = Debug|Win32
		{A93B33E8-1401-4066-938E-16962114EC12}.Debug|Win32.Build.0 = Debug|Win32
		{A93B33E8-1401-4066-938E-16962114EC12}.Release|Win32.ActiveCfg = Release|Win32
		{A93B33E8-1401-4066-938E-16962114EC12}.Release|Win32.Build.0 = Release|Win32
		{A93B33E8-1401-4066-938E-16962114EC12}.MinSizeRel|Win32.ActiveCfg = MinSizeRel|Win32
		{A93B33E8-1401-4066-938E-16962114EC12}.MinSizeRel|Win32.Build.0 = MinSizeRel|Win32
		{A93B33E8-1401-4066-938E-16962114EC12}.RelWithDebInfo|Win32.ActiveCfg = RelWithDebInfo|Win32
		{A93B33E8-1401-4066-938E-16962114EC12}.RelWithDebInfo|Win32.Build.0 = RelWithDebInfo|Win32
		{D3C0F9E3-48B4-4F0D-8D2C-0A5F1AA5DDD8}.Debug|Win32.ActiveCfg = Debug|Win32
		{D3C0F9E3-48B4-4F0D-8D2C-0A5F1AA5DDD8}.Debug|Win32.Build.0 = Debug|Win32
		{D3C0F9E3-48B4-4F0D-8D2C-0A5F1AA5DDD8}.Release|Win32.ActiveCfg = Release|Win32
		{D3C0F9E3-48B4-4F0D-8D2C-0A5F1AA5DDD8}.Release|Win32.Build.0 = Release|Win32
		{D3C0F9E3-48B4-4F0D-8D2C-0A5F1AA5DDD8}.MinSizeRel|Win32.ActiveCfg = MinSizeRel|Win32
		{D3C0F9E3-48B4-4F0D-8D2C-0A5F1AA5DDD8}.MinSizeRel|Win32.Build.0 = MinSizeRel|Win32
		{D3C0F9E3-48B4-4F0D-8D2C-0A5F1AA5DDD8}.RelWithDebInfo|Win32.ActiveCfg = RelWithDebInfo|Win32
		{D3C0F9E3-48B4-4F0D-8D2C-0A5F1AA5DDD8}.RelWithDebInfo|Win32.Build.0 = RelWithDebInfo|Win32
		{1648723A-B8B3-4329-9155-A63851011569}.Debug|Win32.ActiveCfg = Debug|Win32
		{1648723A-B8B3-4329-9155-A63851011569}.Debug|Win32.Build.0 = Debug|Win32
		{1648723A-B8B3-4329-9155-A63851011569}.Release|Win32.ActiveCfg = Release|Win32
		{1648723A-B8B3-4329-9155-A63851011569}.Release|Win32.Build.0 = Release|Win32
		{1648723A-B8B3-4329-9155-A63851011569}.MinSizeRel|Win32.ActiveCfg = MinSizeRel|Win32
		{1648723A-B8B3-4329-9155-A63851011569}.MinSizeRel|Win32.Build.0 = MinSizeRel|Win32
		{1648723A-B8B3-4329-9155-A63851011569}.RelWithDebInfo|Win32.ActiveCfg = RelWithDebInfo|Win32
		{1648723A-B8B3-4329-9155-A63851011569}.RelWithDebInfo|Win32.Build.0 = RelWithDebInfo|Win32
	EndGlobalSection
	GlobalSection(ExtensibilityGlobals) = postSolution
	EndGlobalSection
	GlobalSection(ExtensibilityAddIns) = postSolution
	EndGlobalSection
EndGlobal
